{
  "pins" : [
    {
      "identity" : "cpp_utils",
      "kind" : "remoteSourceControl",
      "location" : "https://github.com/objective-audio/cpp_utils.git",
      "state" : {
        "branch" : "master",
        "revision" : "933bcbd39eb182c188acffead563516dfff89db8"
      }
    }
  ],
  "version" : 2
}
