// !$*UTF8*$!
{
	archiveVersion = 1;
	classes = {
	};
	objectVersion = 50;
	objects = {

/* Begin PBXBuildFile section */
		B6002D7521DCC6DA0013AA0E /* audio.h in Headers */ = {isa = PBXBuildFile; fileRef = B6002D7321DCC6DA0013AA0E /* audio.h */; settings = {ATTRIBUTES = (Public, ); }; };
		B6002D7921DCC6E80013AA0E /* chaining.framework in Frameworks */ = {isa = PBXBuildFile; fileRef = B6002C5E21DC71DC0013AA0E /* chaining.framework */; };
		B6002D7A21DCC6E80013AA0E /* cpp_utils.framework in Frameworks */ = {isa = PBXBuildFile; fileRef = B6002C6021DC71DC0013AA0E /* cpp_utils.framework */; };
		B6002D7C21DCC6ED0013AA0E /* Accelerate.framework in Frameworks */ = {isa = PBXBuildFile; fileRef = B6002C6221DC8C1C0013AA0E /* Accelerate.framework */; };
		B6002D7D21DCC6F50013AA0E /* AudioToolbox.framework in Frameworks */ = {isa = PBXBuildFile; fileRef = B6002C6521DC8C4C0013AA0E /* AudioToolbox.framework */; };
		B6002D7E21DCC6F50013AA0E /* AudioUnit.framework in Frameworks */ = {isa = PBXBuildFile; fileRef = B6002C6621DC8C4C0013AA0E /* AudioUnit.framework */; };
		B6002D7F21DCC6F50013AA0E /* CoreAudio.framework in Frameworks */ = {isa = PBXBuildFile; fileRef = B6002C6721DC8C4C0013AA0E /* CoreAudio.framework */; };
		B6002D8021DCC7240013AA0E /* AVFoundation.framework in Frameworks */ = {isa = PBXBuildFile; fileRef = B6002C6B21DC8C560013AA0E /* AVFoundation.framework */; };
		B6002DD021DCC7760013AA0E /* yas_audio_time.h in Headers */ = {isa = PBXBuildFile; fileRef = B6002D8321DCC7760013AA0E /* yas_audio_time.h */; settings = {ATTRIBUTES = (Public, ); }; };
		B6002DD121DCC7760013AA0E /* yas_audio_file_utils.h in Headers */ = {isa = PBXBuildFile; fileRef = B6002D8421DCC7760013AA0E /* yas_audio_file_utils.h */; settings = {ATTRIBUTES = (Public, ); }; };
		B6002DD221DCC7760013AA0E /* yas_audio_format.h in Headers */ = {isa = PBXBuildFile; fileRef = B6002D8521DCC7760013AA0E /* yas_audio_format.h */; settings = {ATTRIBUTES = (Public, ); }; };
		B6002DD321DCC7760013AA0E /* yas_audio_file.h in Headers */ = {isa = PBXBuildFile; fileRef = B6002D8621DCC7760013AA0E /* yas_audio_file.h */; settings = {ATTRIBUTES = (Public, ); }; };
		B6002DD421DCC7760013AA0E /* yas_audio_exception.cpp in Sources */ = {isa = PBXBuildFile; fileRef = B6002D8721DCC7760013AA0E /* yas_audio_exception.cpp */; };
		B6002DD521DCC7760013AA0E /* yas_audio_format.mm in Sources */ = {isa = PBXBuildFile; fileRef = B6002D8821DCC7760013AA0E /* yas_audio_format.mm */; };
		B6002DD621DCC7760013AA0E /* yas_audio_types.h in Headers */ = {isa = PBXBuildFile; fileRef = B6002D8921DCC7760013AA0E /* yas_audio_types.h */; settings = {ATTRIBUTES = (Public, ); }; };
		B6002DD721DCC7760013AA0E /* yas_audio_file_utils.mm in Sources */ = {isa = PBXBuildFile; fileRef = B6002D8A21DCC7760013AA0E /* yas_audio_file_utils.mm */; };
		B6002DD821DCC7760013AA0E /* yas_audio_objc_utils.h in Headers */ = {isa = PBXBuildFile; fileRef = B6002D8B21DCC7760013AA0E /* yas_audio_objc_utils.h */; settings = {ATTRIBUTES = (Public, ); }; };
		B6002DD921DCC7760013AA0E /* yas_audio_pcm_buffer.h in Headers */ = {isa = PBXBuildFile; fileRef = B6002D8C21DCC7760013AA0E /* yas_audio_pcm_buffer.h */; settings = {ATTRIBUTES = (Public, ); }; };
		B6002DDA21DCC7760013AA0E /* yas_audio_file.cpp in Sources */ = {isa = PBXBuildFile; fileRef = B6002D8D21DCC7760013AA0E /* yas_audio_file.cpp */; };
		B6002DDB21DCC7760013AA0E /* yas_audio_types.cpp in Sources */ = {isa = PBXBuildFile; fileRef = B6002D8E21DCC7760013AA0E /* yas_audio_types.cpp */; };
		B6002DDC21DCC7760013AA0E /* yas_audio_each_data_private.h in Headers */ = {isa = PBXBuildFile; fileRef = B6002D8F21DCC7760013AA0E /* yas_audio_each_data_private.h */; settings = {ATTRIBUTES = (Public, ); }; };
		B6002DDD21DCC7760013AA0E /* yas_audio_math.h in Headers */ = {isa = PBXBuildFile; fileRef = B6002D9021DCC7760013AA0E /* yas_audio_math.h */; settings = {ATTRIBUTES = (Public, ); }; };
		B6002DDE21DCC7760013AA0E /* yas_audio_math.cpp in Sources */ = {isa = PBXBuildFile; fileRef = B6002D9121DCC7760013AA0E /* yas_audio_math.cpp */; };
		B6002DDF21DCC7760013AA0E /* yas_audio_exception.h in Headers */ = {isa = PBXBuildFile; fileRef = B6002D9221DCC7760013AA0E /* yas_audio_exception.h */; settings = {ATTRIBUTES = (Public, ); }; };
		B6002DE021DCC7760013AA0E /* yas_audio_time.mm in Sources */ = {isa = PBXBuildFile; fileRef = B6002D9321DCC7760013AA0E /* yas_audio_time.mm */; };
		B6002DE121DCC7760013AA0E /* yas_audio_pcm_buffer.cpp in Sources */ = {isa = PBXBuildFile; fileRef = B6002D9421DCC7760013AA0E /* yas_audio_pcm_buffer.cpp */; };
		B6002DE221DCC7760013AA0E /* yas_audio_objc_utils.mm in Sources */ = {isa = PBXBuildFile; fileRef = B6002D9521DCC7760013AA0E /* yas_audio_objc_utils.mm */; };
		B6002DE321DCC7760013AA0E /* yas_audio_each_data.h in Headers */ = {isa = PBXBuildFile; fileRef = B6002D9621DCC7760013AA0E /* yas_audio_each_data.h */; settings = {ATTRIBUTES = (Public, ); }; };
		B6002DEF21DCC7760013AA0E /* yas_audio_engine_node_protocol.h in Headers */ = {isa = PBXBuildFile; fileRef = B6002DA421DCC7760013AA0E /* yas_audio_engine_node_protocol.h */; settings = {ATTRIBUTES = (Public, ); }; };
		B6002DF021DCC7760013AA0E /* yas_audio_engine_route.cpp in Sources */ = {isa = PBXBuildFile; fileRef = B6002DA521DCC7760013AA0E /* yas_audio_engine_route.cpp */; };
		B6002DF221DCC7760013AA0E /* yas_audio_engine_tap.cpp in Sources */ = {isa = PBXBuildFile; fileRef = B6002DA721DCC7760013AA0E /* yas_audio_engine_tap.cpp */; };
		B6002DF321DCC7760013AA0E /* yas_audio_engine_io.mm in Sources */ = {isa = PBXBuildFile; fileRef = B6002DA821DCC7760013AA0E /* yas_audio_engine_io.mm */; };
		B6002DF421DCC7760013AA0E /* yas_audio_engine_node.h in Headers */ = {isa = PBXBuildFile; fileRef = B6002DA921DCC7760013AA0E /* yas_audio_engine_node.h */; settings = {ATTRIBUTES = (Public, ); }; };
		B6002DF521DCC7760013AA0E /* yas_audio_engine_manager.h in Headers */ = {isa = PBXBuildFile; fileRef = B6002DAA21DCC7760013AA0E /* yas_audio_engine_manager.h */; settings = {ATTRIBUTES = (Public, ); }; };
		B6002DF621DCC7760013AA0E /* yas_audio_engine_connection.h in Headers */ = {isa = PBXBuildFile; fileRef = B6002DAB21DCC7760013AA0E /* yas_audio_engine_connection.h */; settings = {ATTRIBUTES = (Public, ); }; };
		B6002DF921DCC7760013AA0E /* yas_audio_engine_io.h in Headers */ = {isa = PBXBuildFile; fileRef = B6002DAE21DCC7760013AA0E /* yas_audio_engine_io.h */; settings = {ATTRIBUTES = (Public, ); }; };
		B6002DFA21DCC7760013AA0E /* yas_audio_engine_offline_output_protocol.h in Headers */ = {isa = PBXBuildFile; fileRef = B6002DAF21DCC7760013AA0E /* yas_audio_engine_offline_output_protocol.h */; settings = {ATTRIBUTES = (Public, ); }; };
		B6002DFC21DCC7760013AA0E /* yas_audio_engine_io_protocol.h in Headers */ = {isa = PBXBuildFile; fileRef = B6002DB121DCC7760013AA0E /* yas_audio_engine_io_protocol.h */; settings = {ATTRIBUTES = (Public, ); }; };
		B6002DFD21DCC7760013AA0E /* yas_audio_engine_connection.cpp in Sources */ = {isa = PBXBuildFile; fileRef = B6002DB221DCC7760013AA0E /* yas_audio_engine_connection.cpp */; };
		B6002DFE21DCC7760013AA0E /* yas_audio_engine_node.cpp in Sources */ = {isa = PBXBuildFile; fileRef = B6002DB321DCC7760013AA0E /* yas_audio_engine_node.cpp */; };
		B6002E0221DCC7760013AA0E /* yas_audio_engine_connection_protocol.h in Headers */ = {isa = PBXBuildFile; fileRef = B6002DB721DCC7760013AA0E /* yas_audio_engine_connection_protocol.h */; settings = {ATTRIBUTES = (Public, ); }; };
		B6002E0421DCC7760013AA0E /* yas_audio_engine_offline_output.mm in Sources */ = {isa = PBXBuildFile; fileRef = B6002DB921DCC7760013AA0E /* yas_audio_engine_offline_output.mm */; };
		B6002E0521DCC7760013AA0E /* yas_audio_engine_manager.mm in Sources */ = {isa = PBXBuildFile; fileRef = B6002DBA21DCC7760013AA0E /* yas_audio_engine_manager.mm */; };
		B6002E0621DCC7760013AA0E /* yas_audio_engine_kernel.h in Headers */ = {isa = PBXBuildFile; fileRef = B6002DBB21DCC7760013AA0E /* yas_audio_engine_kernel.h */; settings = {ATTRIBUTES = (Public, ); }; };
		B6002E0721DCC7760013AA0E /* yas_audio_engine_offline_output.h in Headers */ = {isa = PBXBuildFile; fileRef = B6002DBC21DCC7760013AA0E /* yas_audio_engine_offline_output.h */; settings = {ATTRIBUTES = (Public, ); }; };
		B6002E0921DCC7760013AA0E /* yas_audio_engine_tap.h in Headers */ = {isa = PBXBuildFile; fileRef = B6002DBE21DCC7760013AA0E /* yas_audio_engine_tap.h */; settings = {ATTRIBUTES = (Public, ); }; };
		B6002E0A21DCC7760013AA0E /* yas_audio_engine_kernel.cpp in Sources */ = {isa = PBXBuildFile; fileRef = B6002DBF21DCC7760013AA0E /* yas_audio_engine_kernel.cpp */; };
		B6002E0B21DCC7760013AA0E /* yas_audio_engine_route.h in Headers */ = {isa = PBXBuildFile; fileRef = B6002DC021DCC7760013AA0E /* yas_audio_engine_route.h */; settings = {ATTRIBUTES = (Public, ); }; };
		B6002E0E21DCC7760013AA0E /* yas_audio_engine_kernel_protocol.h in Headers */ = {isa = PBXBuildFile; fileRef = B6002DC321DCC7760013AA0E /* yas_audio_engine_kernel_protocol.h */; settings = {ATTRIBUTES = (Public, ); }; };
		B6002E0F21DCC7760013AA0E /* yas_audio_umbrella.h in Headers */ = {isa = PBXBuildFile; fileRef = B6002DC421DCC7760013AA0E /* yas_audio_umbrella.h */; settings = {ATTRIBUTES = (Public, ); }; };
		B6002E1221DCC7760013AA0E /* yas_audio_mac_device_stream_private.h in Headers */ = {isa = PBXBuildFile; fileRef = B6002DC821DCC7760013AA0E /* yas_audio_mac_device_stream_private.h */; settings = {ATTRIBUTES = (Public, ); }; };
		B6002E1321DCC7760013AA0E /* yas_audio_route.h in Headers */ = {isa = PBXBuildFile; fileRef = B6002DC921DCC7760013AA0E /* yas_audio_route.h */; settings = {ATTRIBUTES = (Public, ); }; };
		B6002E1421DCC7760013AA0E /* yas_audio_mac_device_stream.h in Headers */ = {isa = PBXBuildFile; fileRef = B6002DCA21DCC7760013AA0E /* yas_audio_mac_device_stream.h */; settings = {ATTRIBUTES = (Public, ); }; };
		B6002E1521DCC7760013AA0E /* yas_audio_mac_device.cpp in Sources */ = {isa = PBXBuildFile; fileRef = B6002DCB21DCC7760013AA0E /* yas_audio_mac_device.cpp */; };
		B6002E1621DCC7760013AA0E /* yas_audio_mac_device.h in Headers */ = {isa = PBXBuildFile; fileRef = B6002DCC21DCC7760013AA0E /* yas_audio_mac_device.h */; settings = {ATTRIBUTES = (Public, ); }; };
		B6002E1721DCC7760013AA0E /* yas_audio_mac_device_stream.cpp in Sources */ = {isa = PBXBuildFile; fileRef = B6002DCD21DCC7760013AA0E /* yas_audio_mac_device_stream.cpp */; };
		B6002E1821DCC7760013AA0E /* yas_audio_route.cpp in Sources */ = {isa = PBXBuildFile; fileRef = B6002DCE21DCC7760013AA0E /* yas_audio_route.cpp */; };
		B606CF3623608875000C9BE4 /* yas_audio_io_device.cpp in Sources */ = {isa = PBXBuildFile; fileRef = B606CF3523608875000C9BE4 /* yas_audio_io_device.cpp */; };
		B619C9602316B80500889B5B /* yas_audio_ptr.h in Headers */ = {isa = PBXBuildFile; fileRef = B619C95F2316B80100889B5B /* yas_audio_ptr.h */; settings = {ATTRIBUTES = (Public, ); }; };
		B619C9622317103A00889B5B /* yas_audio_engine_ptr.h in Headers */ = {isa = PBXBuildFile; fileRef = B619C96123170FBF00889B5B /* yas_audio_engine_ptr.h */; settings = {ATTRIBUTES = (Public, ); }; };
		B63507E92359FE2B008CC9CC /* yas_audio_io_core.h in Headers */ = {isa = PBXBuildFile; fileRef = B63507E82359FE2B008CC9CC /* yas_audio_io_core.h */; settings = {ATTRIBUTES = (Public, ); }; };
		B63507EB235C8474008CC9CC /* yas_audio_io_device.h in Headers */ = {isa = PBXBuildFile; fileRef = B63507EA235C8474008CC9CC /* yas_audio_io_device.h */; settings = {ATTRIBUTES = (Public, ); }; };
		B643FB5823547A37001FA6B0 /* yas_audio_avf_io_core.mm in Sources */ = {isa = PBXBuildFile; fileRef = B643FB5623547A37001FA6B0 /* yas_audio_avf_io_core.mm */; };
		B64F8A522349B0E20056EA99 /* yas_audio_io_kernel.cpp in Sources */ = {isa = PBXBuildFile; fileRef = B64F8A502349B0E20056EA99 /* yas_audio_io_kernel.cpp */; };
		B64F8A532349B0E20056EA99 /* yas_audio_io_kernel.h in Headers */ = {isa = PBXBuildFile; fileRef = B64F8A512349B0E20056EA99 /* yas_audio_io_kernel.h */; settings = {ATTRIBUTES = (Public, ); }; };
		B64F8A5C2349FA710056EA99 /* yas_audio_avf_device.mm in Sources */ = {isa = PBXBuildFile; fileRef = B64F8A582349FA710056EA99 /* yas_audio_avf_device.mm */; };
		B64F8A5D2349FA710056EA99 /* yas_audio_io.cpp in Sources */ = {isa = PBXBuildFile; fileRef = B64F8A592349FA710056EA99 /* yas_audio_io.cpp */; };
		B64F8A5E2349FA710056EA99 /* yas_audio_io.h in Headers */ = {isa = PBXBuildFile; fileRef = B64F8A5A2349FA710056EA99 /* yas_audio_io.h */; settings = {ATTRIBUTES = (Public, ); }; };
		B64F8A5F2349FA710056EA99 /* yas_audio_avf_device.h in Headers */ = {isa = PBXBuildFile; fileRef = B64F8A5B2349FA710056EA99 /* yas_audio_avf_device.h */; };
		B6605A53235D35BE001F6905 /* yas_audio_mac_io_core.mm in Sources */ = {isa = PBXBuildFile; fileRef = B6605A51235D35BE001F6905 /* yas_audio_mac_io_core.mm */; };
		B6605A54235D35BE001F6905 /* yas_audio_mac_io_core.h in Headers */ = {isa = PBXBuildFile; fileRef = B6605A52235D35BE001F6905 /* yas_audio_mac_io_core.h */; settings = {ATTRIBUTES = (Public, ); }; };
		B663563223843046003E0B4C /* yas_audio_engine_avf_au_mixer.h in Headers */ = {isa = PBXBuildFile; fileRef = B663563023843046003E0B4C /* yas_audio_engine_avf_au_mixer.h */; settings = {ATTRIBUTES = (Public, ); }; };
		B663563323843046003E0B4C /* yas_audio_engine_avf_au_mixer.cpp in Sources */ = {isa = PBXBuildFile; fileRef = B663563123843046003E0B4C /* yas_audio_engine_avf_au_mixer.cpp */; };
		B6A49362237820A000CD240B /* yas_audio_engine_avf_au.mm in Sources */ = {isa = PBXBuildFile; fileRef = B6A49360237820A000CD240B /* yas_audio_engine_avf_au.mm */; };
		B6A49363237820A000CD240B /* yas_audio_engine_avf_au.h in Headers */ = {isa = PBXBuildFile; fileRef = B6A49361237820A000CD240B /* yas_audio_engine_avf_au.h */; settings = {ATTRIBUTES = (Public, ); }; };
		B6A9BC4F2393AC1E00EA7DC8 /* yas_audio_avf_au.mm in Sources */ = {isa = PBXBuildFile; fileRef = B6A9BC4D2393AC1E00EA7DC8 /* yas_audio_avf_au.mm */; };
		B6A9BC502393AC1E00EA7DC8 /* yas_audio_avf_au.h in Headers */ = {isa = PBXBuildFile; fileRef = B6A9BC4E2393AC1E00EA7DC8 /* yas_audio_avf_au.h */; settings = {ATTRIBUTES = (Public, ); }; };
		B6F94907238D5721002BD7AC /* yas_audio_avf_au_parameter_core.mm in Sources */ = {isa = PBXBuildFile; fileRef = B6F94903238D5721002BD7AC /* yas_audio_avf_au_parameter_core.mm */; };
		B6F94908238D5721002BD7AC /* yas_audio_avf_au_parameter.mm in Sources */ = {isa = PBXBuildFile; fileRef = B6F94904238D5721002BD7AC /* yas_audio_avf_au_parameter.mm */; };
		B6F94909238D5721002BD7AC /* yas_audio_avf_au_parameter_core.h in Headers */ = {isa = PBXBuildFile; fileRef = B6F94905238D5721002BD7AC /* yas_audio_avf_au_parameter_core.h */; };
		B6F9490A238D5721002BD7AC /* yas_audio_avf_au_parameter.h in Headers */ = {isa = PBXBuildFile; fileRef = B6F94906238D5721002BD7AC /* yas_audio_avf_au_parameter.h */; settings = {ATTRIBUTES = (Public, ); }; };
/* End PBXBuildFile section */

/* Begin PBXFileReference section */
		B6002BBD21DC70C50013AA0E /* chaining.framework */ = {isa = PBXFileReference; explicitFileType = wrapper.framework; path = chaining.framework; sourceTree = BUILT_PRODUCTS_DIR; };
		B6002BBF21DC70C50013AA0E /* cpp_utils.framework */ = {isa = PBXFileReference; explicitFileType = wrapper.framework; path = cpp_utils.framework; sourceTree = BUILT_PRODUCTS_DIR; };
		B6002BC121DC70C50013AA0E /* objc_utils.framework */ = {isa = PBXFileReference; explicitFileType = wrapper.framework; path = objc_utils.framework; sourceTree = BUILT_PRODUCTS_DIR; };
		B6002C5E21DC71DC0013AA0E /* chaining.framework */ = {isa = PBXFileReference; explicitFileType = wrapper.framework; path = chaining.framework; sourceTree = BUILT_PRODUCTS_DIR; };
		B6002C6021DC71DC0013AA0E /* cpp_utils.framework */ = {isa = PBXFileReference; explicitFileType = wrapper.framework; path = cpp_utils.framework; sourceTree = BUILT_PRODUCTS_DIR; };
		B6002C6221DC8C1C0013AA0E /* Accelerate.framework */ = {isa = PBXFileReference; lastKnownFileType = wrapper.framework; name = Accelerate.framework; path = System/Library/Frameworks/Accelerate.framework; sourceTree = SDKROOT; };
		B6002C6521DC8C4C0013AA0E /* AudioToolbox.framework */ = {isa = PBXFileReference; lastKnownFileType = wrapper.framework; name = AudioToolbox.framework; path = System/Library/Frameworks/AudioToolbox.framework; sourceTree = SDKROOT; };
		B6002C6621DC8C4C0013AA0E /* AudioUnit.framework */ = {isa = PBXFileReference; lastKnownFileType = wrapper.framework; name = AudioUnit.framework; path = System/Library/Frameworks/AudioUnit.framework; sourceTree = SDKROOT; };
		B6002C6721DC8C4C0013AA0E /* CoreAudio.framework */ = {isa = PBXFileReference; lastKnownFileType = wrapper.framework; name = CoreAudio.framework; path = System/Library/Frameworks/CoreAudio.framework; sourceTree = SDKROOT; };
		B6002C6B21DC8C560013AA0E /* AVFoundation.framework */ = {isa = PBXFileReference; lastKnownFileType = wrapper.framework; name = AVFoundation.framework; path = System/Library/Frameworks/AVFoundation.framework; sourceTree = SDKROOT; };
		B6002D7121DCC6D90013AA0E /* audio.framework */ = {isa = PBXFileReference; explicitFileType = wrapper.framework; includeInIndex = 0; path = audio.framework; sourceTree = BUILT_PRODUCTS_DIR; };
		B6002D7321DCC6DA0013AA0E /* audio.h */ = {isa = PBXFileReference; lastKnownFileType = sourcecode.c.h; path = audio.h; sourceTree = "<group>"; };
		B6002D7421DCC6DA0013AA0E /* Info.plist */ = {isa = PBXFileReference; lastKnownFileType = text.plist.xml; path = Info.plist; sourceTree = "<group>"; };
		B6002D8321DCC7760013AA0E /* yas_audio_time.h */ = {isa = PBXFileReference; fileEncoding = 4; lastKnownFileType = sourcecode.c.h; path = yas_audio_time.h; sourceTree = "<group>"; };
		B6002D8421DCC7760013AA0E /* yas_audio_file_utils.h */ = {isa = PBXFileReference; fileEncoding = 4; lastKnownFileType = sourcecode.c.h; path = yas_audio_file_utils.h; sourceTree = "<group>"; };
		B6002D8521DCC7760013AA0E /* yas_audio_format.h */ = {isa = PBXFileReference; fileEncoding = 4; lastKnownFileType = sourcecode.c.h; path = yas_audio_format.h; sourceTree = "<group>"; };
		B6002D8621DCC7760013AA0E /* yas_audio_file.h */ = {isa = PBXFileReference; fileEncoding = 4; lastKnownFileType = sourcecode.c.h; path = yas_audio_file.h; sourceTree = "<group>"; };
		B6002D8721DCC7760013AA0E /* yas_audio_exception.cpp */ = {isa = PBXFileReference; fileEncoding = 4; lastKnownFileType = sourcecode.cpp.cpp; path = yas_audio_exception.cpp; sourceTree = "<group>"; };
		B6002D8821DCC7760013AA0E /* yas_audio_format.mm */ = {isa = PBXFileReference; fileEncoding = 4; lastKnownFileType = sourcecode.cpp.objcpp; path = yas_audio_format.mm; sourceTree = "<group>"; };
		B6002D8921DCC7760013AA0E /* yas_audio_types.h */ = {isa = PBXFileReference; fileEncoding = 4; lastKnownFileType = sourcecode.c.h; path = yas_audio_types.h; sourceTree = "<group>"; };
		B6002D8A21DCC7760013AA0E /* yas_audio_file_utils.mm */ = {isa = PBXFileReference; fileEncoding = 4; lastKnownFileType = sourcecode.cpp.objcpp; path = yas_audio_file_utils.mm; sourceTree = "<group>"; };
		B6002D8B21DCC7760013AA0E /* yas_audio_objc_utils.h */ = {isa = PBXFileReference; fileEncoding = 4; lastKnownFileType = sourcecode.c.h; path = yas_audio_objc_utils.h; sourceTree = "<group>"; };
		B6002D8C21DCC7760013AA0E /* yas_audio_pcm_buffer.h */ = {isa = PBXFileReference; fileEncoding = 4; lastKnownFileType = sourcecode.c.h; path = yas_audio_pcm_buffer.h; sourceTree = "<group>"; };
		B6002D8D21DCC7760013AA0E /* yas_audio_file.cpp */ = {isa = PBXFileReference; fileEncoding = 4; lastKnownFileType = sourcecode.cpp.cpp; path = yas_audio_file.cpp; sourceTree = "<group>"; };
		B6002D8E21DCC7760013AA0E /* yas_audio_types.cpp */ = {isa = PBXFileReference; fileEncoding = 4; lastKnownFileType = sourcecode.cpp.cpp; path = yas_audio_types.cpp; sourceTree = "<group>"; };
		B6002D8F21DCC7760013AA0E /* yas_audio_each_data_private.h */ = {isa = PBXFileReference; fileEncoding = 4; lastKnownFileType = sourcecode.c.h; path = yas_audio_each_data_private.h; sourceTree = "<group>"; };
		B6002D9021DCC7760013AA0E /* yas_audio_math.h */ = {isa = PBXFileReference; fileEncoding = 4; lastKnownFileType = sourcecode.c.h; path = yas_audio_math.h; sourceTree = "<group>"; };
		B6002D9121DCC7760013AA0E /* yas_audio_math.cpp */ = {isa = PBXFileReference; fileEncoding = 4; lastKnownFileType = sourcecode.cpp.cpp; path = yas_audio_math.cpp; sourceTree = "<group>"; };
		B6002D9221DCC7760013AA0E /* yas_audio_exception.h */ = {isa = PBXFileReference; fileEncoding = 4; lastKnownFileType = sourcecode.c.h; path = yas_audio_exception.h; sourceTree = "<group>"; };
		B6002D9321DCC7760013AA0E /* yas_audio_time.mm */ = {isa = PBXFileReference; fileEncoding = 4; lastKnownFileType = sourcecode.cpp.objcpp; path = yas_audio_time.mm; sourceTree = "<group>"; };
		B6002D9421DCC7760013AA0E /* yas_audio_pcm_buffer.cpp */ = {isa = PBXFileReference; fileEncoding = 4; lastKnownFileType = sourcecode.cpp.cpp; path = yas_audio_pcm_buffer.cpp; sourceTree = "<group>"; };
		B6002D9521DCC7760013AA0E /* yas_audio_objc_utils.mm */ = {isa = PBXFileReference; fileEncoding = 4; lastKnownFileType = sourcecode.cpp.objcpp; path = yas_audio_objc_utils.mm; sourceTree = "<group>"; };
		B6002D9621DCC7760013AA0E /* yas_audio_each_data.h */ = {isa = PBXFileReference; fileEncoding = 4; lastKnownFileType = sourcecode.c.h; path = yas_audio_each_data.h; sourceTree = "<group>"; };
		B6002DA421DCC7760013AA0E /* yas_audio_engine_node_protocol.h */ = {isa = PBXFileReference; fileEncoding = 4; lastKnownFileType = sourcecode.c.h; path = yas_audio_engine_node_protocol.h; sourceTree = "<group>"; };
		B6002DA521DCC7760013AA0E /* yas_audio_engine_route.cpp */ = {isa = PBXFileReference; fileEncoding = 4; lastKnownFileType = sourcecode.cpp.cpp; path = yas_audio_engine_route.cpp; sourceTree = "<group>"; };
		B6002DA721DCC7760013AA0E /* yas_audio_engine_tap.cpp */ = {isa = PBXFileReference; fileEncoding = 4; lastKnownFileType = sourcecode.cpp.cpp; path = yas_audio_engine_tap.cpp; sourceTree = "<group>"; };
		B6002DA821DCC7760013AA0E /* yas_audio_engine_io.mm */ = {isa = PBXFileReference; fileEncoding = 4; lastKnownFileType = sourcecode.cpp.objcpp; path = yas_audio_engine_io.mm; sourceTree = "<group>"; };
		B6002DA921DCC7760013AA0E /* yas_audio_engine_node.h */ = {isa = PBXFileReference; fileEncoding = 4; lastKnownFileType = sourcecode.c.h; path = yas_audio_engine_node.h; sourceTree = "<group>"; };
		B6002DAA21DCC7760013AA0E /* yas_audio_engine_manager.h */ = {isa = PBXFileReference; fileEncoding = 4; lastKnownFileType = sourcecode.c.h; path = yas_audio_engine_manager.h; sourceTree = "<group>"; };
		B6002DAB21DCC7760013AA0E /* yas_audio_engine_connection.h */ = {isa = PBXFileReference; fileEncoding = 4; lastKnownFileType = sourcecode.c.h; path = yas_audio_engine_connection.h; sourceTree = "<group>"; };
		B6002DAE21DCC7760013AA0E /* yas_audio_engine_io.h */ = {isa = PBXFileReference; fileEncoding = 4; lastKnownFileType = sourcecode.c.h; path = yas_audio_engine_io.h; sourceTree = "<group>"; };
		B6002DAF21DCC7760013AA0E /* yas_audio_engine_offline_output_protocol.h */ = {isa = PBXFileReference; fileEncoding = 4; lastKnownFileType = sourcecode.c.h; path = yas_audio_engine_offline_output_protocol.h; sourceTree = "<group>"; };
		B6002DB121DCC7760013AA0E /* yas_audio_engine_io_protocol.h */ = {isa = PBXFileReference; fileEncoding = 4; lastKnownFileType = sourcecode.c.h; path = yas_audio_engine_io_protocol.h; sourceTree = "<group>"; };
		B6002DB221DCC7760013AA0E /* yas_audio_engine_connection.cpp */ = {isa = PBXFileReference; fileEncoding = 4; lastKnownFileType = sourcecode.cpp.cpp; path = yas_audio_engine_connection.cpp; sourceTree = "<group>"; };
		B6002DB321DCC7760013AA0E /* yas_audio_engine_node.cpp */ = {isa = PBXFileReference; fileEncoding = 4; lastKnownFileType = sourcecode.cpp.cpp; path = yas_audio_engine_node.cpp; sourceTree = "<group>"; };
		B6002DB721DCC7760013AA0E /* yas_audio_engine_connection_protocol.h */ = {isa = PBXFileReference; fileEncoding = 4; lastKnownFileType = sourcecode.c.h; path = yas_audio_engine_connection_protocol.h; sourceTree = "<group>"; };
		B6002DB921DCC7760013AA0E /* yas_audio_engine_offline_output.mm */ = {isa = PBXFileReference; fileEncoding = 4; lastKnownFileType = sourcecode.cpp.objcpp; path = yas_audio_engine_offline_output.mm; sourceTree = "<group>"; };
		B6002DBA21DCC7760013AA0E /* yas_audio_engine_manager.mm */ = {isa = PBXFileReference; fileEncoding = 4; lastKnownFileType = sourcecode.cpp.objcpp; path = yas_audio_engine_manager.mm; sourceTree = "<group>"; };
		B6002DBB21DCC7760013AA0E /* yas_audio_engine_kernel.h */ = {isa = PBXFileReference; fileEncoding = 4; lastKnownFileType = sourcecode.c.h; path = yas_audio_engine_kernel.h; sourceTree = "<group>"; };
		B6002DBC21DCC7760013AA0E /* yas_audio_engine_offline_output.h */ = {isa = PBXFileReference; fileEncoding = 4; lastKnownFileType = sourcecode.c.h; path = yas_audio_engine_offline_output.h; sourceTree = "<group>"; };
		B6002DBE21DCC7760013AA0E /* yas_audio_engine_tap.h */ = {isa = PBXFileReference; fileEncoding = 4; lastKnownFileType = sourcecode.c.h; path = yas_audio_engine_tap.h; sourceTree = "<group>"; };
		B6002DBF21DCC7760013AA0E /* yas_audio_engine_kernel.cpp */ = {isa = PBXFileReference; fileEncoding = 4; lastKnownFileType = sourcecode.cpp.cpp; path = yas_audio_engine_kernel.cpp; sourceTree = "<group>"; };
		B6002DC021DCC7760013AA0E /* yas_audio_engine_route.h */ = {isa = PBXFileReference; fileEncoding = 4; lastKnownFileType = sourcecode.c.h; path = yas_audio_engine_route.h; sourceTree = "<group>"; };
		B6002DC321DCC7760013AA0E /* yas_audio_engine_kernel_protocol.h */ = {isa = PBXFileReference; fileEncoding = 4; lastKnownFileType = sourcecode.c.h; path = yas_audio_engine_kernel_protocol.h; sourceTree = "<group>"; };
		B6002DC421DCC7760013AA0E /* yas_audio_umbrella.h */ = {isa = PBXFileReference; fileEncoding = 4; lastKnownFileType = sourcecode.c.h; path = yas_audio_umbrella.h; sourceTree = "<group>"; };
		B6002DC821DCC7760013AA0E /* yas_audio_mac_device_stream_private.h */ = {isa = PBXFileReference; fileEncoding = 4; lastKnownFileType = sourcecode.c.h; path = yas_audio_mac_device_stream_private.h; sourceTree = "<group>"; };
		B6002DC921DCC7760013AA0E /* yas_audio_route.h */ = {isa = PBXFileReference; fileEncoding = 4; lastKnownFileType = sourcecode.c.h; path = yas_audio_route.h; sourceTree = "<group>"; };
		B6002DCA21DCC7760013AA0E /* yas_audio_mac_device_stream.h */ = {isa = PBXFileReference; fileEncoding = 4; lastKnownFileType = sourcecode.c.h; path = yas_audio_mac_device_stream.h; sourceTree = "<group>"; };
		B6002DCB21DCC7760013AA0E /* yas_audio_mac_device.cpp */ = {isa = PBXFileReference; fileEncoding = 4; lastKnownFileType = sourcecode.cpp.cpp; path = yas_audio_mac_device.cpp; sourceTree = "<group>"; };
		B6002DCC21DCC7760013AA0E /* yas_audio_mac_device.h */ = {isa = PBXFileReference; fileEncoding = 4; lastKnownFileType = sourcecode.c.h; path = yas_audio_mac_device.h; sourceTree = "<group>"; };
		B6002DCD21DCC7760013AA0E /* yas_audio_mac_device_stream.cpp */ = {isa = PBXFileReference; fileEncoding = 4; lastKnownFileType = sourcecode.cpp.cpp; path = yas_audio_mac_device_stream.cpp; sourceTree = "<group>"; };
		B6002DCE21DCC7760013AA0E /* yas_audio_route.cpp */ = {isa = PBXFileReference; fileEncoding = 4; lastKnownFileType = sourcecode.cpp.cpp; path = yas_audio_route.cpp; sourceTree = "<group>"; };
		B606CF3523608875000C9BE4 /* yas_audio_io_device.cpp */ = {isa = PBXFileReference; lastKnownFileType = sourcecode.cpp.cpp; path = yas_audio_io_device.cpp; sourceTree = "<group>"; };
		B619C95F2316B80100889B5B /* yas_audio_ptr.h */ = {isa = PBXFileReference; lastKnownFileType = sourcecode.c.h; path = yas_audio_ptr.h; sourceTree = "<group>"; };
		B619C96123170FBF00889B5B /* yas_audio_engine_ptr.h */ = {isa = PBXFileReference; lastKnownFileType = sourcecode.c.h; path = yas_audio_engine_ptr.h; sourceTree = "<group>"; };
		B63507E82359FE2B008CC9CC /* yas_audio_io_core.h */ = {isa = PBXFileReference; fileEncoding = 4; lastKnownFileType = sourcecode.c.h; path = yas_audio_io_core.h; sourceTree = "<group>"; };
		B63507EA235C8474008CC9CC /* yas_audio_io_device.h */ = {isa = PBXFileReference; lastKnownFileType = sourcecode.c.h; path = yas_audio_io_device.h; sourceTree = "<group>"; };
		B643FB5523547A37001FA6B0 /* yas_audio_avf_io_core.h */ = {isa = PBXFileReference; fileEncoding = 4; lastKnownFileType = sourcecode.c.h; path = yas_audio_avf_io_core.h; sourceTree = "<group>"; };
		B643FB5623547A37001FA6B0 /* yas_audio_avf_io_core.mm */ = {isa = PBXFileReference; fileEncoding = 4; lastKnownFileType = sourcecode.cpp.objcpp; path = yas_audio_avf_io_core.mm; sourceTree = "<group>"; };
		B64F8A502349B0E20056EA99 /* yas_audio_io_kernel.cpp */ = {isa = PBXFileReference; lastKnownFileType = sourcecode.cpp.cpp; path = yas_audio_io_kernel.cpp; sourceTree = "<group>"; };
		B64F8A512349B0E20056EA99 /* yas_audio_io_kernel.h */ = {isa = PBXFileReference; lastKnownFileType = sourcecode.c.h; path = yas_audio_io_kernel.h; sourceTree = "<group>"; };
		B64F8A582349FA710056EA99 /* yas_audio_avf_device.mm */ = {isa = PBXFileReference; fileEncoding = 4; lastKnownFileType = sourcecode.cpp.objcpp; path = yas_audio_avf_device.mm; sourceTree = "<group>"; };
		B64F8A592349FA710056EA99 /* yas_audio_io.cpp */ = {isa = PBXFileReference; fileEncoding = 4; lastKnownFileType = sourcecode.cpp.cpp; path = yas_audio_io.cpp; sourceTree = "<group>"; };
		B64F8A5A2349FA710056EA99 /* yas_audio_io.h */ = {isa = PBXFileReference; fileEncoding = 4; lastKnownFileType = sourcecode.c.h; path = yas_audio_io.h; sourceTree = "<group>"; };
		B64F8A5B2349FA710056EA99 /* yas_audio_avf_device.h */ = {isa = PBXFileReference; fileEncoding = 4; lastKnownFileType = sourcecode.c.h; path = yas_audio_avf_device.h; sourceTree = "<group>"; };
		B6605A51235D35BE001F6905 /* yas_audio_mac_io_core.mm */ = {isa = PBXFileReference; fileEncoding = 4; lastKnownFileType = sourcecode.cpp.objcpp; path = yas_audio_mac_io_core.mm; sourceTree = "<group>"; };
		B6605A52235D35BE001F6905 /* yas_audio_mac_io_core.h */ = {isa = PBXFileReference; fileEncoding = 4; lastKnownFileType = sourcecode.c.h; path = yas_audio_mac_io_core.h; sourceTree = "<group>"; };
		B663563023843046003E0B4C /* yas_audio_engine_avf_au_mixer.h */ = {isa = PBXFileReference; fileEncoding = 4; lastKnownFileType = sourcecode.c.h; path = yas_audio_engine_avf_au_mixer.h; sourceTree = "<group>"; };
		B663563123843046003E0B4C /* yas_audio_engine_avf_au_mixer.cpp */ = {isa = PBXFileReference; fileEncoding = 4; lastKnownFileType = sourcecode.cpp.cpp; path = yas_audio_engine_avf_au_mixer.cpp; sourceTree = "<group>"; };
		B6A49360237820A000CD240B /* yas_audio_engine_avf_au.mm */ = {isa = PBXFileReference; lastKnownFileType = sourcecode.cpp.objcpp; path = yas_audio_engine_avf_au.mm; sourceTree = "<group>"; };
		B6A49361237820A000CD240B /* yas_audio_engine_avf_au.h */ = {isa = PBXFileReference; lastKnownFileType = sourcecode.c.h; path = yas_audio_engine_avf_au.h; sourceTree = "<group>"; };
		B6A9BC4D2393AC1E00EA7DC8 /* yas_audio_avf_au.mm */ = {isa = PBXFileReference; fileEncoding = 4; lastKnownFileType = sourcecode.cpp.objcpp; path = yas_audio_avf_au.mm; sourceTree = "<group>"; };
		B6A9BC4E2393AC1E00EA7DC8 /* yas_audio_avf_au.h */ = {isa = PBXFileReference; fileEncoding = 4; lastKnownFileType = sourcecode.c.h; path = yas_audio_avf_au.h; sourceTree = "<group>"; };
		B6F94903238D5721002BD7AC /* yas_audio_avf_au_parameter_core.mm */ = {isa = PBXFileReference; fileEncoding = 4; lastKnownFileType = sourcecode.cpp.objcpp; path = yas_audio_avf_au_parameter_core.mm; sourceTree = "<group>"; };
		B6F94904238D5721002BD7AC /* yas_audio_avf_au_parameter.mm */ = {isa = PBXFileReference; fileEncoding = 4; lastKnownFileType = sourcecode.cpp.objcpp; path = yas_audio_avf_au_parameter.mm; sourceTree = "<group>"; };
		B6F94905238D5721002BD7AC /* yas_audio_avf_au_parameter_core.h */ = {isa = PBXFileReference; fileEncoding = 4; lastKnownFileType = sourcecode.c.h; path = yas_audio_avf_au_parameter_core.h; sourceTree = "<group>"; };
		B6F94906238D5721002BD7AC /* yas_audio_avf_au_parameter.h */ = {isa = PBXFileReference; fileEncoding = 4; lastKnownFileType = sourcecode.c.h; path = yas_audio_avf_au_parameter.h; sourceTree = "<group>"; };
/* End PBXFileReference section */

/* Begin PBXFrameworksBuildPhase section */
		B6002D6E21DCC6D90013AA0E /* Frameworks */ = {
			isa = PBXFrameworksBuildPhase;
			buildActionMask = 2147483647;
			files = (
				B6002D8021DCC7240013AA0E /* AVFoundation.framework in Frameworks */,
				B6002D7C21DCC6ED0013AA0E /* Accelerate.framework in Frameworks */,
				B6002D7D21DCC6F50013AA0E /* AudioToolbox.framework in Frameworks */,
				B6002D7E21DCC6F50013AA0E /* AudioUnit.framework in Frameworks */,
				B6002D7F21DCC6F50013AA0E /* CoreAudio.framework in Frameworks */,
				B6002D7921DCC6E80013AA0E /* chaining.framework in Frameworks */,
				B6002D7A21DCC6E80013AA0E /* cpp_utils.framework in Frameworks */,
			);
			runOnlyForDeploymentPostprocessing = 0;
		};
/* End PBXFrameworksBuildPhase section */

/* Begin PBXGroup section */
		B6002B8521DC6FE30013AA0E = {
			isa = PBXGroup;
			children = (
				B6002D7221DCC6DA0013AA0E /* audio */,
				B6002B9921DC704F0013AA0E /* Products */,
				B6002BBC21DC70C50013AA0E /* Frameworks */,
			);
			sourceTree = "<group>";
		};
		B6002B9921DC704F0013AA0E /* Products */ = {
			isa = PBXGroup;
			children = (
				B6002D7121DCC6D90013AA0E /* audio.framework */,
			);
			name = Products;
			sourceTree = "<group>";
		};
		B6002BBC21DC70C50013AA0E /* Frameworks */ = {
			isa = PBXGroup;
			children = (
				B6002C6B21DC8C560013AA0E /* AVFoundation.framework */,
				B6002C6521DC8C4C0013AA0E /* AudioToolbox.framework */,
				B6002C6621DC8C4C0013AA0E /* AudioUnit.framework */,
				B6002C6721DC8C4C0013AA0E /* CoreAudio.framework */,
				B6002C6221DC8C1C0013AA0E /* Accelerate.framework */,
				B6002C5E21DC71DC0013AA0E /* chaining.framework */,
				B6002C6021DC71DC0013AA0E /* cpp_utils.framework */,
				B6002BBD21DC70C50013AA0E /* chaining.framework */,
				B6002BBF21DC70C50013AA0E /* cpp_utils.framework */,
				B6002BC121DC70C50013AA0E /* objc_utils.framework */,
			);
			name = Frameworks;
			sourceTree = "<group>";
		};
		B6002D7221DCC6DA0013AA0E /* audio */ = {
			isa = PBXGroup;
			children = (
				B6002D8121DCC7760013AA0E /* audio */,
				B6002D7321DCC6DA0013AA0E /* audio.h */,
				B6002D7421DCC6DA0013AA0E /* Info.plist */,
			);
			path = audio;
			sourceTree = "<group>";
		};
		B6002D8121DCC7760013AA0E /* audio */ = {
			isa = PBXGroup;
			children = (
				B6002D8221DCC7760013AA0E /* audio_basics */,
				B6002DC521DCC7760013AA0E /* audio_device */,
				B687FCC12346256C00095E2F /* audio_avf */,
				B6002DA121DCC7760013AA0E /* audio_engine */,
				B6002DC421DCC7760013AA0E /* yas_audio_umbrella.h */,
			);
			name = audio;
			path = ../../audio;
			sourceTree = "<group>";
		};
		B6002D8221DCC7760013AA0E /* audio_basics */ = {
			isa = PBXGroup;
			children = (
				B6002D8F21DCC7760013AA0E /* yas_audio_each_data_private.h */,
				B6002D9621DCC7760013AA0E /* yas_audio_each_data.h */,
				B6002D8721DCC7760013AA0E /* yas_audio_exception.cpp */,
				B6002D9221DCC7760013AA0E /* yas_audio_exception.h */,
				B6002D8421DCC7760013AA0E /* yas_audio_file_utils.h */,
				B6002D8A21DCC7760013AA0E /* yas_audio_file_utils.mm */,
				B6002D8D21DCC7760013AA0E /* yas_audio_file.cpp */,
				B6002D8621DCC7760013AA0E /* yas_audio_file.h */,
				B6002D8521DCC7760013AA0E /* yas_audio_format.h */,
				B6002D8821DCC7760013AA0E /* yas_audio_format.mm */,
				B6002D9121DCC7760013AA0E /* yas_audio_math.cpp */,
				B6002D9021DCC7760013AA0E /* yas_audio_math.h */,
				B6002D8B21DCC7760013AA0E /* yas_audio_objc_utils.h */,
				B6002D9521DCC7760013AA0E /* yas_audio_objc_utils.mm */,
				B6002D9421DCC7760013AA0E /* yas_audio_pcm_buffer.cpp */,
				B6002D8C21DCC7760013AA0E /* yas_audio_pcm_buffer.h */,
				B6002D8321DCC7760013AA0E /* yas_audio_time.h */,
				B6002D9321DCC7760013AA0E /* yas_audio_time.mm */,
				B6002D8E21DCC7760013AA0E /* yas_audio_types.cpp */,
				B6002D8921DCC7760013AA0E /* yas_audio_types.h */,
				B619C95F2316B80100889B5B /* yas_audio_ptr.h */,
			);
			path = audio_basics;
			sourceTree = "<group>";
		};
		B6002DA121DCC7760013AA0E /* audio_engine */ = {
			isa = PBXGroup;
			children = (
				B663563123843046003E0B4C /* yas_audio_engine_avf_au_mixer.cpp */,
				B663563023843046003E0B4C /* yas_audio_engine_avf_au_mixer.h */,
				B6A49361237820A000CD240B /* yas_audio_engine_avf_au.h */,
				B6A49360237820A000CD240B /* yas_audio_engine_avf_au.mm */,
				B6002DB721DCC7760013AA0E /* yas_audio_engine_connection_protocol.h */,
				B6002DB221DCC7760013AA0E /* yas_audio_engine_connection.cpp */,
				B6002DAB21DCC7760013AA0E /* yas_audio_engine_connection.h */,
				B6002DB121DCC7760013AA0E /* yas_audio_engine_io_protocol.h */,
				B6002DA821DCC7760013AA0E /* yas_audio_engine_io.mm */,
				B6002DAE21DCC7760013AA0E /* yas_audio_engine_io.h */,
				B6002DC321DCC7760013AA0E /* yas_audio_engine_kernel_protocol.h */,
				B6002DBF21DCC7760013AA0E /* yas_audio_engine_kernel.cpp */,
				B6002DBB21DCC7760013AA0E /* yas_audio_engine_kernel.h */,
				B6002DAA21DCC7760013AA0E /* yas_audio_engine_manager.h */,
				B6002DBA21DCC7760013AA0E /* yas_audio_engine_manager.mm */,
				B6002DA421DCC7760013AA0E /* yas_audio_engine_node_protocol.h */,
				B6002DB321DCC7760013AA0E /* yas_audio_engine_node.cpp */,
				B6002DA921DCC7760013AA0E /* yas_audio_engine_node.h */,
				B6002DAF21DCC7760013AA0E /* yas_audio_engine_offline_output_protocol.h */,
				B6002DBC21DCC7760013AA0E /* yas_audio_engine_offline_output.h */,
				B6002DB921DCC7760013AA0E /* yas_audio_engine_offline_output.mm */,
				B619C96123170FBF00889B5B /* yas_audio_engine_ptr.h */,
				B6002DA521DCC7760013AA0E /* yas_audio_engine_route.cpp */,
				B6002DC021DCC7760013AA0E /* yas_audio_engine_route.h */,
				B6002DA721DCC7760013AA0E /* yas_audio_engine_tap.cpp */,
				B6002DBE21DCC7760013AA0E /* yas_audio_engine_tap.h */,
			);
			path = audio_engine;
			sourceTree = "<group>";
		};
		B6002DC521DCC7760013AA0E /* audio_device */ = {
			isa = PBXGroup;
			children = (
				B6002DC821DCC7760013AA0E /* yas_audio_mac_device_stream_private.h */,
				B6002DCD21DCC7760013AA0E /* yas_audio_mac_device_stream.cpp */,
				B6002DCA21DCC7760013AA0E /* yas_audio_mac_device_stream.h */,
				B6002DCB21DCC7760013AA0E /* yas_audio_mac_device.cpp */,
				B6002DCC21DCC7760013AA0E /* yas_audio_mac_device.h */,
				B6605A52235D35BE001F6905 /* yas_audio_mac_io_core.h */,
				B6605A51235D35BE001F6905 /* yas_audio_mac_io_core.mm */,
				B64F8A502349B0E20056EA99 /* yas_audio_io_kernel.cpp */,
				B64F8A512349B0E20056EA99 /* yas_audio_io_kernel.h */,
				B63507E82359FE2B008CC9CC /* yas_audio_io_core.h */,
				B63507EA235C8474008CC9CC /* yas_audio_io_device.h */,
				B606CF3523608875000C9BE4 /* yas_audio_io_device.cpp */,
				B6002DCE21DCC7760013AA0E /* yas_audio_route.cpp */,
				B6002DC921DCC7760013AA0E /* yas_audio_route.h */,
			);
			path = audio_device;
			sourceTree = "<group>";
		};
		B687FCC12346256C00095E2F /* audio_avf */ = {
			isa = PBXGroup;
			children = (
				B6F94905238D5721002BD7AC /* yas_audio_avf_au_parameter_core.h */,
				B6F94903238D5721002BD7AC /* yas_audio_avf_au_parameter_core.mm */,
				B6F94906238D5721002BD7AC /* yas_audio_avf_au_parameter.h */,
				B6F94904238D5721002BD7AC /* yas_audio_avf_au_parameter.mm */,
				B6A9BC4E2393AC1E00EA7DC8 /* yas_audio_avf_au.h */,
				B6A9BC4D2393AC1E00EA7DC8 /* yas_audio_avf_au.mm */,
				B64F8A5B2349FA710056EA99 /* yas_audio_avf_device.h */,
				B64F8A582349FA710056EA99 /* yas_audio_avf_device.mm */,
				B643FB5523547A37001FA6B0 /* yas_audio_avf_io_core.h */,
				B643FB5623547A37001FA6B0 /* yas_audio_avf_io_core.mm */,
				B64F8A592349FA710056EA99 /* yas_audio_io.cpp */,
				B64F8A5A2349FA710056EA99 /* yas_audio_io.h */,
			);
			path = audio_avf;
			sourceTree = "<group>";
		};
/* End PBXGroup section */

/* Begin PBXHeadersBuildPhase section */
		B6002D6C21DCC6D90013AA0E /* Headers */ = {
			isa = PBXHeadersBuildPhase;
			buildActionMask = 2147483647;
			files = (
				B6002E0721DCC7760013AA0E /* yas_audio_engine_offline_output.h in Headers */,
				B6002E1321DCC7760013AA0E /* yas_audio_route.h in Headers */,
				B6002E1421DCC7760013AA0E /* yas_audio_mac_device_stream.h in Headers */,
				B6002DDF21DCC7760013AA0E /* yas_audio_exception.h in Headers */,
				B6002DD021DCC7760013AA0E /* yas_audio_time.h in Headers */,
				B6002E0F21DCC7760013AA0E /* yas_audio_umbrella.h in Headers */,
				B663563223843046003E0B4C /* yas_audio_engine_avf_au_mixer.h in Headers */,
				B6002DFC21DCC7760013AA0E /* yas_audio_engine_io_protocol.h in Headers */,
				B64F8A5F2349FA710056EA99 /* yas_audio_avf_device.h in Headers */,
				B64F8A532349B0E20056EA99 /* yas_audio_io_kernel.h in Headers */,
				B6002DDC21DCC7760013AA0E /* yas_audio_each_data_private.h in Headers */,
				B6002DD121DCC7760013AA0E /* yas_audio_file_utils.h in Headers */,
				B64F8A5E2349FA710056EA99 /* yas_audio_io.h in Headers */,
				B6002DF421DCC7760013AA0E /* yas_audio_engine_node.h in Headers */,
				B6002DFA21DCC7760013AA0E /* yas_audio_engine_offline_output_protocol.h in Headers */,
				B6002E1221DCC7760013AA0E /* yas_audio_mac_device_stream_private.h in Headers */,
				B63507EB235C8474008CC9CC /* yas_audio_io_device.h in Headers */,
				B6002DEF21DCC7760013AA0E /* yas_audio_engine_node_protocol.h in Headers */,
				B6002DF921DCC7760013AA0E /* yas_audio_engine_io.h in Headers */,
				B619C9622317103A00889B5B /* yas_audio_engine_ptr.h in Headers */,
				B6002DD921DCC7760013AA0E /* yas_audio_pcm_buffer.h in Headers */,
				B6002E0B21DCC7760013AA0E /* yas_audio_engine_route.h in Headers */,
				B6002E0621DCC7760013AA0E /* yas_audio_engine_kernel.h in Headers */,
				B6002DD821DCC7760013AA0E /* yas_audio_objc_utils.h in Headers */,
				B619C9602316B80500889B5B /* yas_audio_ptr.h in Headers */,
				B6002DF521DCC7760013AA0E /* yas_audio_engine_manager.h in Headers */,
				B6002DDD21DCC7760013AA0E /* yas_audio_math.h in Headers */,
				B6F94909238D5721002BD7AC /* yas_audio_avf_au_parameter_core.h in Headers */,
				B6A9BC502393AC1E00EA7DC8 /* yas_audio_avf_au.h in Headers */,
				B6002DD221DCC7760013AA0E /* yas_audio_format.h in Headers */,
				B6F9490A238D5721002BD7AC /* yas_audio_avf_au_parameter.h in Headers */,
				B6002DD621DCC7760013AA0E /* yas_audio_types.h in Headers */,
				B6002E0E21DCC7760013AA0E /* yas_audio_engine_kernel_protocol.h in Headers */,
				B63507E92359FE2B008CC9CC /* yas_audio_io_core.h in Headers */,
				B6002DF621DCC7760013AA0E /* yas_audio_engine_connection.h in Headers */,
				B6002DD321DCC7760013AA0E /* yas_audio_file.h in Headers */,
				B6002DE321DCC7760013AA0E /* yas_audio_each_data.h in Headers */,
				B6002D7521DCC6DA0013AA0E /* audio.h in Headers */,
				B6605A54235D35BE001F6905 /* yas_audio_mac_io_core.h in Headers */,
				B6002E1621DCC7760013AA0E /* yas_audio_mac_device.h in Headers */,
				B6A49363237820A000CD240B /* yas_audio_engine_avf_au.h in Headers */,
				B6002E0221DCC7760013AA0E /* yas_audio_engine_connection_protocol.h in Headers */,
				B6002E0921DCC7760013AA0E /* yas_audio_engine_tap.h in Headers */,
			);
			runOnlyForDeploymentPostprocessing = 0;
		};
/* End PBXHeadersBuildPhase section */

/* Begin PBXNativeTarget section */
		B6002D7021DCC6D90013AA0E /* audio */ = {
			isa = PBXNativeTarget;
			buildConfigurationList = B6002D7621DCC6DA0013AA0E /* Build configuration list for PBXNativeTarget "audio" */;
			buildPhases = (
				B6002D6C21DCC6D90013AA0E /* Headers */,
				B6002D6D21DCC6D90013AA0E /* Sources */,
				B6002D6E21DCC6D90013AA0E /* Frameworks */,
				B6002D6F21DCC6D90013AA0E /* Resources */,
			);
			buildRules = (
			);
			dependencies = (
			);
			name = audio;
			productName = audio;
			productReference = B6002D7121DCC6D90013AA0E /* audio.framework */;
			productType = "com.apple.product-type.framework";
		};
/* End PBXNativeTarget section */

/* Begin PBXProject section */
		B6002B8621DC6FE30013AA0E /* Project object */ = {
			isa = PBXProject;
			attributes = {
				LastUpgradeCheck = 1010;
				TargetAttributes = {
					B6002D7021DCC6D90013AA0E = {
						CreatedOnToolsVersion = 10.0;
					};
				};
			};
			buildConfigurationList = B6002B8921DC6FE30013AA0E /* Build configuration list for PBXProject "audio_mac" */;
			compatibilityVersion = "Xcode 9.3";
			developmentRegion = en;
			hasScannedForEncodings = 0;
			knownRegions = (
				en,
				Base,
			);
			mainGroup = B6002B8521DC6FE30013AA0E;
			productRefGroup = B6002B9921DC704F0013AA0E /* Products */;
			projectDirPath = "";
			projectRoot = "";
			targets = (
				B6002D7021DCC6D90013AA0E /* audio */,
			);
		};
/* End PBXProject section */

/* Begin PBXResourcesBuildPhase section */
		B6002D6F21DCC6D90013AA0E /* Resources */ = {
			isa = PBXResourcesBuildPhase;
			buildActionMask = 2147483647;
			files = (
			);
			runOnlyForDeploymentPostprocessing = 0;
		};
/* End PBXResourcesBuildPhase section */

/* Begin PBXSourcesBuildPhase section */
		B6002D6D21DCC6D90013AA0E /* Sources */ = {
			isa = PBXSourcesBuildPhase;
			buildActionMask = 2147483647;
			files = (
				B6002DF221DCC7760013AA0E /* yas_audio_engine_tap.cpp in Sources */,
				B6002DE221DCC7760013AA0E /* yas_audio_objc_utils.mm in Sources */,
				B64F8A5D2349FA710056EA99 /* yas_audio_io.cpp in Sources */,
				B6002E1821DCC7760013AA0E /* yas_audio_route.cpp in Sources */,
				B6F94908238D5721002BD7AC /* yas_audio_avf_au_parameter.mm in Sources */,
				B6002E0521DCC7760013AA0E /* yas_audio_engine_manager.mm in Sources */,
				B663563323843046003E0B4C /* yas_audio_engine_avf_au_mixer.cpp in Sources */,
				B6002E0A21DCC7760013AA0E /* yas_audio_engine_kernel.cpp in Sources */,
				B6002DE021DCC7760013AA0E /* yas_audio_time.mm in Sources */,
				B6002DDA21DCC7760013AA0E /* yas_audio_file.cpp in Sources */,
				B6002DDB21DCC7760013AA0E /* yas_audio_types.cpp in Sources */,
				B643FB5823547A37001FA6B0 /* yas_audio_avf_io_core.mm in Sources */,
				B6002DD421DCC7760013AA0E /* yas_audio_exception.cpp in Sources */,
				B6002DD721DCC7760013AA0E /* yas_audio_file_utils.mm in Sources */,
				B6605A53235D35BE001F6905 /* yas_audio_mac_io_core.mm in Sources */,
				B64F8A522349B0E20056EA99 /* yas_audio_io_kernel.cpp in Sources */,
				B6A49362237820A000CD240B /* yas_audio_engine_avf_au.mm in Sources */,
				B6002DDE21DCC7760013AA0E /* yas_audio_math.cpp in Sources */,
				B6002E1521DCC7760013AA0E /* yas_audio_mac_device.cpp in Sources */,
				B6002DD521DCC7760013AA0E /* yas_audio_format.mm in Sources */,
				B64F8A5C2349FA710056EA99 /* yas_audio_avf_device.mm in Sources */,
				B6002E0421DCC7760013AA0E /* yas_audio_engine_offline_output.mm in Sources */,
				B6A9BC4F2393AC1E00EA7DC8 /* yas_audio_avf_au.mm in Sources */,
				B6F94907238D5721002BD7AC /* yas_audio_avf_au_parameter_core.mm in Sources */,
				B6002DE121DCC7760013AA0E /* yas_audio_pcm_buffer.cpp in Sources */,
				B6002E1721DCC7760013AA0E /* yas_audio_mac_device_stream.cpp in Sources */,
				B6002DF021DCC7760013AA0E /* yas_audio_engine_route.cpp in Sources */,
				B6002DF321DCC7760013AA0E /* yas_audio_engine_io.mm in Sources */,
				B606CF3623608875000C9BE4 /* yas_audio_io_device.cpp in Sources */,
				B6002DFD21DCC7760013AA0E /* yas_audio_engine_connection.cpp in Sources */,
				B6002DFE21DCC7760013AA0E /* yas_audio_engine_node.cpp in Sources */,
			);
			runOnlyForDeploymentPostprocessing = 0;
		};
/* End PBXSourcesBuildPhase section */

/* Begin XCBuildConfiguration section */
		B6002B8A21DC6FE30013AA0E /* Debug */ = {
			isa = XCBuildConfiguration;
			buildSettings = {
				CLANG_WARN_BLOCK_CAPTURE_AUTORELEASING = YES;
				CLANG_WARN_BOOL_CONVERSION = YES;
				CLANG_WARN_COMMA = YES;
				CLANG_WARN_CONSTANT_CONVERSION = YES;
				CLANG_WARN_DEPRECATED_OBJC_IMPLEMENTATIONS = YES;
				CLANG_WARN_EMPTY_BODY = YES;
				CLANG_WARN_ENUM_CONVERSION = YES;
				CLANG_WARN_INFINITE_RECURSION = YES;
				CLANG_WARN_INT_CONVERSION = YES;
				CLANG_WARN_NON_LITERAL_NULL_CONVERSION = YES;
				CLANG_WARN_OBJC_IMPLICIT_RETAIN_SELF = YES;
				CLANG_WARN_OBJC_LITERAL_CONVERSION = YES;
				CLANG_WARN_RANGE_LOOP_ANALYSIS = YES;
				CLANG_WARN_STRICT_PROTOTYPES = YES;
				CLANG_WARN_SUSPICIOUS_MOVE = YES;
				CLANG_WARN_UNREACHABLE_CODE = YES;
				CLANG_WARN__DUPLICATE_METHOD_MATCH = YES;
				ENABLE_STRICT_OBJC_MSGSEND = YES;
				ENABLE_TESTABILITY = YES;
				GCC_NO_COMMON_BLOCKS = YES;
				GCC_WARN_64_TO_32_BIT_CONVERSION = YES;
				GCC_WARN_ABOUT_RETURN_TYPE = YES;
				GCC_WARN_UNDECLARED_SELECTOR = YES;
				GCC_WARN_UNINITIALIZED_AUTOS = YES;
				GCC_WARN_UNUSED_FUNCTION = YES;
				GCC_WARN_UNUSED_VARIABLE = YES;
				ONLY_ACTIVE_ARCH = YES;
			};
			name = Debug;
		};
		B6002B8B21DC6FE30013AA0E /* Release */ = {
			isa = XCBuildConfiguration;
			buildSettings = {
				CLANG_WARN_BLOCK_CAPTURE_AUTORELEASING = YES;
				CLANG_WARN_BOOL_CONVERSION = YES;
				CLANG_WARN_COMMA = YES;
				CLANG_WARN_CONSTANT_CONVERSION = YES;
				CLANG_WARN_DEPRECATED_OBJC_IMPLEMENTATIONS = YES;
				CLANG_WARN_EMPTY_BODY = YES;
				CLANG_WARN_ENUM_CONVERSION = YES;
				CLANG_WARN_INFINITE_RECURSION = YES;
				CLANG_WARN_INT_CONVERSION = YES;
				CLANG_WARN_NON_LITERAL_NULL_CONVERSION = YES;
				CLANG_WARN_OBJC_IMPLICIT_RETAIN_SELF = YES;
				CLANG_WARN_OBJC_LITERAL_CONVERSION = YES;
				CLANG_WARN_RANGE_LOOP_ANALYSIS = YES;
				CLANG_WARN_STRICT_PROTOTYPES = YES;
				CLANG_WARN_SUSPICIOUS_MOVE = YES;
				CLANG_WARN_UNREACHABLE_CODE = YES;
				CLANG_WARN__DUPLICATE_METHOD_MATCH = YES;
				ENABLE_STRICT_OBJC_MSGSEND = YES;
				GCC_NO_COMMON_BLOCKS = YES;
				GCC_WARN_64_TO_32_BIT_CONVERSION = YES;
				GCC_WARN_ABOUT_RETURN_TYPE = YES;
				GCC_WARN_UNDECLARED_SELECTOR = YES;
				GCC_WARN_UNINITIALIZED_AUTOS = YES;
				GCC_WARN_UNUSED_FUNCTION = YES;
				GCC_WARN_UNUSED_VARIABLE = YES;
			};
			name = Release;
		};
		B6002D7721DCC6DA0013AA0E /* Debug */ = {
			isa = XCBuildConfiguration;
			buildSettings = {
				ALWAYS_SEARCH_USER_PATHS = NO;
				CLANG_ANALYZER_NONNULL = YES;
				CLANG_ANALYZER_NUMBER_OBJECT_CONVERSION = YES_AGGRESSIVE;
				CLANG_CXX_LANGUAGE_STANDARD = "gnu++17";
				CLANG_CXX_LIBRARY = "libc++";
				CLANG_ENABLE_MODULES = YES;
				CLANG_ENABLE_OBJC_WEAK = YES;
				CLANG_WARN_BLOCK_CAPTURE_AUTORELEASING = YES;
				CLANG_WARN_BOOL_CONVERSION = YES;
				CLANG_WARN_COMMA = YES;
				CLANG_WARN_CONSTANT_CONVERSION = YES;
				CLANG_WARN_DEPRECATED_OBJC_IMPLEMENTATIONS = YES;
				CLANG_WARN_DIRECT_OBJC_ISA_USAGE = YES_ERROR;
				CLANG_WARN_DOCUMENTATION_COMMENTS = YES;
				CLANG_WARN_EMPTY_BODY = YES;
				CLANG_WARN_ENUM_CONVERSION = YES;
				CLANG_WARN_INFINITE_RECURSION = YES;
				CLANG_WARN_INT_CONVERSION = YES;
				CLANG_WARN_NON_LITERAL_NULL_CONVERSION = YES;
				CLANG_WARN_OBJC_IMPLICIT_RETAIN_SELF = YES;
				CLANG_WARN_OBJC_LITERAL_CONVERSION = YES;
				CLANG_WARN_OBJC_ROOT_CLASS = YES_ERROR;
				CLANG_WARN_RANGE_LOOP_ANALYSIS = YES;
				CLANG_WARN_STRICT_PROTOTYPES = YES;
				CLANG_WARN_SUSPICIOUS_MOVE = YES;
				CLANG_WARN_UNGUARDED_AVAILABILITY = YES_AGGRESSIVE;
				CLANG_WARN_UNREACHABLE_CODE = YES;
				CLANG_WARN__DUPLICATE_METHOD_MATCH = YES;
				CODE_SIGN_IDENTITY = "";
				CODE_SIGN_STYLE = Manual;
				COMBINE_HIDPI_IMAGES = YES;
				COPY_PHASE_STRIP = NO;
				CURRENT_PROJECT_VERSION = 1;
				DEBUG_INFORMATION_FORMAT = dwarf;
				DEFINES_MODULE = YES;
				DEVELOPMENT_TEAM = "";
				DYLIB_COMPATIBILITY_VERSION = 1;
				DYLIB_CURRENT_VERSION = 1;
				DYLIB_INSTALL_NAME_BASE = "@rpath";
				ENABLE_STRICT_OBJC_MSGSEND = YES;
				ENABLE_TESTABILITY = YES;
				FRAMEWORK_VERSION = A;
				GCC_C_LANGUAGE_STANDARD = gnu11;
				GCC_DYNAMIC_NO_PIC = NO;
				GCC_NO_COMMON_BLOCKS = YES;
				GCC_OPTIMIZATION_LEVEL = 0;
				GCC_PREPROCESSOR_DEFINITIONS = (
					"DEBUG=1",
					"$(inherited)",
				);
				GCC_WARN_64_TO_32_BIT_CONVERSION = YES;
				GCC_WARN_ABOUT_RETURN_TYPE = YES_ERROR;
				GCC_WARN_UNDECLARED_SELECTOR = YES;
				GCC_WARN_UNINITIALIZED_AUTOS = YES_AGGRESSIVE;
				GCC_WARN_UNUSED_FUNCTION = YES;
				GCC_WARN_UNUSED_VARIABLE = YES;
				INFOPLIST_FILE = audio/Info.plist;
				INSTALL_PATH = "$(LOCAL_LIBRARY_DIR)/Frameworks";
				LD_RUNPATH_SEARCH_PATHS = (
					"$(inherited)",
					"@executable_path/../Frameworks",
					"@loader_path/Frameworks",
				);
				MACOSX_DEPLOYMENT_TARGET = 10.14;
				MTL_ENABLE_DEBUG_INFO = INCLUDE_SOURCE;
				MTL_FAST_MATH = YES;
				ONLY_ACTIVE_ARCH = YES;
				PRODUCT_BUNDLE_IDENTIFIER = "jp.objective-audio.audio";
				PRODUCT_NAME = "$(TARGET_NAME:c99extidentifier)";
				PROVISIONING_PROFILE_SPECIFIER = "";
				SDKROOT = macosx;
				SKIP_INSTALL = YES;
				VERSIONING_SYSTEM = "apple-generic";
				VERSION_INFO_PREFIX = "";
			};
			name = Debug;
		};
		B6002D7821DCC6DA0013AA0E /* Release */ = {
			isa = XCBuildConfiguration;
			buildSettings = {
				ALWAYS_SEARCH_USER_PATHS = NO;
				CLANG_ANALYZER_NONNULL = YES;
				CLANG_ANALYZER_NUMBER_OBJECT_CONVERSION = YES_AGGRESSIVE;
				CLANG_CXX_LANGUAGE_STANDARD = "gnu++17";
				CLANG_CXX_LIBRARY = "libc++";
				CLANG_ENABLE_MODULES = YES;
				CLANG_ENABLE_OBJC_WEAK = YES;
				CLANG_WARN_BLOCK_CAPTURE_AUTORELEASING = YES;
				CLANG_WARN_BOOL_CONVERSION = YES;
				CLANG_WARN_COMMA = YES;
				CLANG_WARN_CONSTANT_CONVERSION = YES;
				CLANG_WARN_DEPRECATED_OBJC_IMPLEMENTATIONS = YES;
				CLANG_WARN_DIRECT_OBJC_ISA_USAGE = YES_ERROR;
				CLANG_WARN_DOCUMENTATION_COMMENTS = YES;
				CLANG_WARN_EMPTY_BODY = YES;
				CLANG_WARN_ENUM_CONVERSION = YES;
				CLANG_WARN_INFINITE_RECURSION = YES;
				CLANG_WARN_INT_CONVERSION = YES;
				CLANG_WARN_NON_LITERAL_NULL_CONVERSION = YES;
				CLANG_WARN_OBJC_IMPLICIT_RETAIN_SELF = YES;
				CLANG_WARN_OBJC_LITERAL_CONVERSION = YES;
				CLANG_WARN_OBJC_ROOT_CLASS = YES_ERROR;
				CLANG_WARN_RANGE_LOOP_ANALYSIS = YES;
				CLANG_WARN_STRICT_PROTOTYPES = YES;
				CLANG_WARN_SUSPICIOUS_MOVE = YES;
				CLANG_WARN_UNGUARDED_AVAILABILITY = YES_AGGRESSIVE;
				CLANG_WARN_UNREACHABLE_CODE = YES;
				CLANG_WARN__DUPLICATE_METHOD_MATCH = YES;
				CODE_SIGN_IDENTITY = "";
				CODE_SIGN_STYLE = Manual;
				COMBINE_HIDPI_IMAGES = YES;
				COPY_PHASE_STRIP = NO;
				CURRENT_PROJECT_VERSION = 1;
				DEBUG_INFORMATION_FORMAT = "dwarf-with-dsym";
				DEFINES_MODULE = YES;
				DEVELOPMENT_TEAM = "";
				DYLIB_COMPATIBILITY_VERSION = 1;
				DYLIB_CURRENT_VERSION = 1;
				DYLIB_INSTALL_NAME_BASE = "@rpath";
				ENABLE_NS_ASSERTIONS = NO;
				ENABLE_STRICT_OBJC_MSGSEND = YES;
				FRAMEWORK_VERSION = A;
				GCC_C_LANGUAGE_STANDARD = gnu11;
				GCC_NO_COMMON_BLOCKS = YES;
				GCC_WARN_64_TO_32_BIT_CONVERSION = YES;
				GCC_WARN_ABOUT_RETURN_TYPE = YES_ERROR;
				GCC_WARN_UNDECLARED_SELECTOR = YES;
				GCC_WARN_UNINITIALIZED_AUTOS = YES_AGGRESSIVE;
				GCC_WARN_UNUSED_FUNCTION = YES;
				GCC_WARN_UNUSED_VARIABLE = YES;
				INFOPLIST_FILE = audio/Info.plist;
				INSTALL_PATH = "$(LOCAL_LIBRARY_DIR)/Frameworks";
				LD_RUNPATH_SEARCH_PATHS = (
					"$(inherited)",
					"@executable_path/../Frameworks",
					"@loader_path/Frameworks",
				);
				MACOSX_DEPLOYMENT_TARGET = 10.14;
				MTL_ENABLE_DEBUG_INFO = NO;
				MTL_FAST_MATH = YES;
				PRODUCT_BUNDLE_IDENTIFIER = "jp.objective-audio.audio";
				PRODUCT_NAME = "$(TARGET_NAME:c99extidentifier)";
				PROVISIONING_PROFILE_SPECIFIER = "";
				SDKROOT = macosx;
				SKIP_INSTALL = YES;
				VERSIONING_SYSTEM = "apple-generic";
				VERSION_INFO_PREFIX = "";
			};
			name = Release;
		};
/* End XCBuildConfiguration section */

/* Begin XCConfigurationList section */
		B6002B8921DC6FE30013AA0E /* Build configuration list for PBXProject "audio_mac" */ = {
			isa = XCConfigurationList;
			buildConfigurations = (
				B6002B8A21DC6FE30013AA0E /* Debug */,
				B6002B8B21DC6FE30013AA0E /* Release */,
			);
			defaultConfigurationIsVisible = 0;
			defaultConfigurationName = Release;
		};
		B6002D7621DCC6DA0013AA0E /* Build configuration list for PBXNativeTarget "audio" */ = {
			isa = XCConfigurationList;
			buildConfigurations = (
				B6002D7721DCC6DA0013AA0E /* Debug */,
				B6002D7821DCC6DA0013AA0E /* Release */,
			);
			defaultConfigurationIsVisible = 0;
			defaultConfigurationName = Release;
		};
/* End XCConfigurationList section */
	};
	rootObject = B6002B8621DC6FE30013AA0E /* Project object */;
}
