{
  "pins" : [
    {
      "identity" : "cpp_utils",
      "kind" : "remoteSourceControl",
      "location" : "https://github.com/objective-audio/cpp_utils.git",
      "state" : {
        "branch" : "master",
        "revision" : "919df4b021cc053e22d2a0770e46162cc464e40a"
      }
    }
  ],
  "version" : 2
}
