// !$*UTF8*$!
{
	archiveVersion = 1;
	classes = {
	};
	objectVersion = 46;
	objects = {

/* Begin PBXBuildFile section */
		B62ED55C1A62812F007DDE96 /* AppDelegate.m in Sources */ = {isa = PBXBuildFile; fileRef = B62ED55B1A62812F007DDE96 /* AppDelegate.m */; };
		B62ED55E1A62812F007DDE96 /* main.m in Sources */ = {isa = PBXBuildFile; fileRef = B62ED55D1A62812F007DDE96 /* main.m */; };
		B62ED5631A62812F007DDE96 /* Images.xcassets in Resources */ = {isa = PBXBuildFile; fileRef = B62ED5621A62812F007DDE96 /* Images.xcassets */; };
		B62ED5661A62812F007DDE96 /* Main.storyboard in Resources */ = {isa = PBXBuildFile; fileRef = B62ED5641A62812F007DDE96 /* Main.storyboard */; };
		B65BAA671A636A5200E7C3D8 /* NSArray+YASAudio.m in Sources */ = {isa = PBXBuildFile; fileRef = B65BAA4E1A636A5200E7C3D8 /* NSArray+YASAudio.m */; };
		B65BAA681A636A5200E7C3D8 /* NSDictionary+YASAudio.m in Sources */ = {isa = PBXBuildFile; fileRef = B65BAA501A636A5200E7C3D8 /* NSDictionary+YASAudio.m */; };
		B65BAA691A636A5200E7C3D8 /* NSError+YASAudio.m in Sources */ = {isa = PBXBuildFile; fileRef = B65BAA521A636A5200E7C3D8 /* NSError+YASAudio.m */; };
		B65BAA6A1A636A5200E7C3D8 /* NSException+YASAudio.m in Sources */ = {isa = PBXBuildFile; fileRef = B65BAA541A636A5200E7C3D8 /* NSException+YASAudio.m */; };
		B65BAA6B1A636A5200E7C3D8 /* NSNumber+YASAudio.m in Sources */ = {isa = PBXBuildFile; fileRef = B65BAA561A636A5200E7C3D8 /* NSNumber+YASAudio.m */; };
		B65BAA6C1A636A5200E7C3D8 /* NSString+YASAudio.m in Sources */ = {isa = PBXBuildFile; fileRef = B65BAA581A636A5200E7C3D8 /* NSString+YASAudio.m */; };
		B65BAA6D1A636A5200E7C3D8 /* YASAudioFile.m in Sources */ = {isa = PBXBuildFile; fileRef = B65BAA5A1A636A5200E7C3D8 /* YASAudioFile.m */; };
		B65BAA6E1A636A5200E7C3D8 /* YASAudioFormat.m in Sources */ = {isa = PBXBuildFile; fileRef = B65BAA5C1A636A5200E7C3D8 /* YASAudioFormat.m */; };
		B65BAA6F1A636A5200E7C3D8 /* YASAudioPCMBuffer.m in Sources */ = {isa = PBXBuildFile; fileRef = B65BAA5E1A636A5200E7C3D8 /* YASAudioPCMBuffer.m */; };
		B65BAA711A636A5200E7C3D8 /* YASAudioGraph.m in Sources */ = {isa = PBXBuildFile; fileRef = B65BAA641A636A5200E7C3D8 /* YASAudioGraph.m */; };
		B65BAA721A636A5200E7C3D8 /* YASAudioUnit.m in Sources */ = {isa = PBXBuildFile; fileRef = B65BAA661A636A5200E7C3D8 /* YASAudioUnit.m */; };
		B66845BE1A660A5200D5A372 /* YASWeakSupport.m in Sources */ = {isa = PBXBuildFile; fileRef = B66845BD1A660A5200D5A372 /* YASWeakSupport.m */; };
		B6841A901AAABD330035C704 /* YASDecibelValueTransformer.m in Sources */ = {isa = PBXBuildFile; fileRef = B6841A8F1AAABD330035C704 /* YASDecibelValueTransformer.m */; };
		B6841A931AAAD3990035C704 /* YASFrequencyValueFormatter.m in Sources */ = {isa = PBXBuildFile; fileRef = B6841A921AAAD3990035C704 /* YASFrequencyValueFormatter.m */; };
		B6841AA61AAC24840035C704 /* YASAudioMath.c in Sources */ = {isa = PBXBuildFile; fileRef = B6841AA11AAC24840035C704 /* YASAudioMath.c */; };
		B6841AA71AAC24840035C704 /* YASAudioUtility.c in Sources */ = {isa = PBXBuildFile; fileRef = B6841AA41AAC24840035C704 /* YASAudioUtility.c */; };
		B6AB1C351A90785E0054349E /* YASAudioChannelRoute.m in Sources */ = {isa = PBXBuildFile; fileRef = B6AB1C2E1A90785E0054349E /* YASAudioChannelRoute.m */; };
		B6AB1C361A90785E0054349E /* YASAudioDevice.m in Sources */ = {isa = PBXBuildFile; fileRef = B6AB1C301A90785E0054349E /* YASAudioDevice.m */; };
		B6AB1C371A90785E0054349E /* YASAudioDeviceIO.m in Sources */ = {isa = PBXBuildFile; fileRef = B6AB1C321A90785E0054349E /* YASAudioDeviceIO.m */; };
		B6AB1C381A90785E0054349E /* YASAudioDeviceStream.m in Sources */ = {isa = PBXBuildFile; fileRef = B6AB1C341A90785E0054349E /* YASAudioDeviceStream.m */; };
		B6AB1C411A9230420054349E /* YASAudioDeviceSampleViewController.m in Sources */ = {isa = PBXBuildFile; fileRef = B6AB1C401A9230420054349E /* YASAudioDeviceSampleViewController.m */; };
		B6E8272D1A88505900751441 /* YASAudioUnitParameterInfo.m in Sources */ = {isa = PBXBuildFile; fileRef = B6E8272C1A88505900751441 /* YASAudioUnitParameterInfo.m */; };
/* End PBXBuildFile section */

/* Begin PBXFileReference section */
		B62ED5551A62812F007DDE96 /* YASAudio_Mac.app */ = {isa = PBXFileReference; explicitFileType = wrapper.application; includeInIndex = 0; path = YASAudio_Mac.app; sourceTree = BUILT_PRODUCTS_DIR; };
		B62ED5591A62812F007DDE96 /* Info.plist */ = {isa = PBXFileReference; lastKnownFileType = text.plist.xml; path = Info.plist; sourceTree = "<group>"; };
		B62ED55A1A62812F007DDE96 /* AppDelegate.h */ = {isa = PBXFileReference; lastKnownFileType = sourcecode.c.h; path = AppDelegate.h; sourceTree = "<group>"; };
		B62ED55B1A62812F007DDE96 /* AppDelegate.m */ = {isa = PBXFileReference; lastKnownFileType = sourcecode.c.objc; path = AppDelegate.m; sourceTree = "<group>"; };
		B62ED55D1A62812F007DDE96 /* main.m */ = {isa = PBXFileReference; lastKnownFileType = sourcecode.c.objc; path = main.m; sourceTree = "<group>"; };
		B62ED5621A62812F007DDE96 /* Images.xcassets */ = {isa = PBXFileReference; lastKnownFileType = folder.assetcatalog; path = Images.xcassets; sourceTree = "<group>"; };
		B62ED5651A62812F007DDE96 /* Base */ = {isa = PBXFileReference; lastKnownFileType = file.storyboard; name = Base; path = Base.lproj/Main.storyboard; sourceTree = "<group>"; };
		B63789421AB4334D00B95F55 /* YASAudio.h */ = {isa = PBXFileReference; lastKnownFileType = sourcecode.c.h; path = YASAudio.h; sourceTree = "<group>"; };
		B65BAA4D1A636A5200E7C3D8 /* NSArray+YASAudio.h */ = {isa = PBXFileReference; fileEncoding = 4; lastKnownFileType = sourcecode.c.h; path = "NSArray+YASAudio.h"; sourceTree = "<group>"; };
		B65BAA4E1A636A5200E7C3D8 /* NSArray+YASAudio.m */ = {isa = PBXFileReference; fileEncoding = 4; lastKnownFileType = sourcecode.c.objc; path = "NSArray+YASAudio.m"; sourceTree = "<group>"; };
		B65BAA4F1A636A5200E7C3D8 /* NSDictionary+YASAudio.h */ = {isa = PBXFileReference; fileEncoding = 4; lastKnownFileType = sourcecode.c.h; path = "NSDictionary+YASAudio.h"; sourceTree = "<group>"; };
		B65BAA501A636A5200E7C3D8 /* NSDictionary+YASAudio.m */ = {isa = PBXFileReference; fileEncoding = 4; lastKnownFileType = sourcecode.c.objc; path = "NSDictionary+YASAudio.m"; sourceTree = "<group>"; };
		B65BAA511A636A5200E7C3D8 /* NSError+YASAudio.h */ = {isa = PBXFileReference; fileEncoding = 4; lastKnownFileType = sourcecode.c.h; path = "NSError+YASAudio.h"; sourceTree = "<group>"; };
		B65BAA521A636A5200E7C3D8 /* NSError+YASAudio.m */ = {isa = PBXFileReference; fileEncoding = 4; lastKnownFileType = sourcecode.c.objc; path = "NSError+YASAudio.m"; sourceTree = "<group>"; };
		B65BAA531A636A5200E7C3D8 /* NSException+YASAudio.h */ = {isa = PBXFileReference; fileEncoding = 4; lastKnownFileType = sourcecode.c.h; path = "NSException+YASAudio.h"; sourceTree = "<group>"; };
		B65BAA541A636A5200E7C3D8 /* NSException+YASAudio.m */ = {isa = PBXFileReference; fileEncoding = 4; lastKnownFileType = sourcecode.c.objc; path = "NSException+YASAudio.m"; sourceTree = "<group>"; };
		B65BAA551A636A5200E7C3D8 /* NSNumber+YASAudio.h */ = {isa = PBXFileReference; fileEncoding = 4; lastKnownFileType = sourcecode.c.h; path = "NSNumber+YASAudio.h"; sourceTree = "<group>"; };
		B65BAA561A636A5200E7C3D8 /* NSNumber+YASAudio.m */ = {isa = PBXFileReference; fileEncoding = 4; lastKnownFileType = sourcecode.c.objc; path = "NSNumber+YASAudio.m"; sourceTree = "<group>"; };
		B65BAA571A636A5200E7C3D8 /* NSString+YASAudio.h */ = {isa = PBXFileReference; fileEncoding = 4; lastKnownFileType = sourcecode.c.h; path = "NSString+YASAudio.h"; sourceTree = "<group>"; };
		B65BAA581A636A5200E7C3D8 /* NSString+YASAudio.m */ = {isa = PBXFileReference; fileEncoding = 4; lastKnownFileType = sourcecode.c.objc; path = "NSString+YASAudio.m"; sourceTree = "<group>"; };
		B65BAA591A636A5200E7C3D8 /* YASAudioFile.h */ = {isa = PBXFileReference; fileEncoding = 4; lastKnownFileType = sourcecode.c.h; path = YASAudioFile.h; sourceTree = "<group>"; };
		B65BAA5A1A636A5200E7C3D8 /* YASAudioFile.m */ = {isa = PBXFileReference; fileEncoding = 4; lastKnownFileType = sourcecode.c.objc; path = YASAudioFile.m; sourceTree = "<group>"; };
		B65BAA5B1A636A5200E7C3D8 /* YASAudioFormat.h */ = {isa = PBXFileReference; fileEncoding = 4; lastKnownFileType = sourcecode.c.h; path = YASAudioFormat.h; sourceTree = "<group>"; };
		B65BAA5C1A636A5200E7C3D8 /* YASAudioFormat.m */ = {isa = PBXFileReference; fileEncoding = 4; lastKnownFileType = sourcecode.c.objc; path = YASAudioFormat.m; sourceTree = "<group>"; };
		B65BAA5D1A636A5200E7C3D8 /* YASAudioPCMBuffer.h */ = {isa = PBXFileReference; fileEncoding = 4; lastKnownFileType = sourcecode.c.h; path = YASAudioPCMBuffer.h; sourceTree = "<group>"; };
		B65BAA5E1A636A5200E7C3D8 /* YASAudioPCMBuffer.m */ = {isa = PBXFileReference; fileEncoding = 4; lastKnownFileType = sourcecode.c.objc; path = YASAudioPCMBuffer.m; sourceTree = "<group>"; };
		B65BAA5F1A636A5200E7C3D8 /* YASAudioTypes.h */ = {isa = PBXFileReference; fileEncoding = 4; lastKnownFileType = sourcecode.c.h; path = YASAudioTypes.h; sourceTree = "<group>"; };
		B65BAA631A636A5200E7C3D8 /* YASAudioGraph.h */ = {isa = PBXFileReference; fileEncoding = 4; lastKnownFileType = sourcecode.c.h; path = YASAudioGraph.h; sourceTree = "<group>"; };
		B65BAA641A636A5200E7C3D8 /* YASAudioGraph.m */ = {isa = PBXFileReference; fileEncoding = 4; lastKnownFileType = sourcecode.c.objc; path = YASAudioGraph.m; sourceTree = "<group>"; };
		B65BAA651A636A5200E7C3D8 /* YASAudioUnit.h */ = {isa = PBXFileReference; fileEncoding = 4; lastKnownFileType = sourcecode.c.h; path = YASAudioUnit.h; sourceTree = "<group>"; };
		B65BAA661A636A5200E7C3D8 /* YASAudioUnit.m */ = {isa = PBXFileReference; fileEncoding = 4; lastKnownFileType = sourcecode.c.objc; path = YASAudioUnit.m; sourceTree = "<group>"; };
		B65BAA7C1A636A9C00E7C3D8 /* YASMacros.h */ = {isa = PBXFileReference; fileEncoding = 4; lastKnownFileType = sourcecode.c.h; path = YASMacros.h; sourceTree = "<group>"; };
		B66845BC1A660A5200D5A372 /* YASWeakSupport.h */ = {isa = PBXFileReference; fileEncoding = 4; lastKnownFileType = sourcecode.c.h; path = YASWeakSupport.h; sourceTree = "<group>"; };
		B66845BD1A660A5200D5A372 /* YASWeakSupport.m */ = {isa = PBXFileReference; fileEncoding = 4; lastKnownFileType = sourcecode.c.objc; path = YASWeakSupport.m; sourceTree = "<group>"; };
		B6841A8E1AAABD330035C704 /* YASDecibelValueTransformer.h */ = {isa = PBXFileReference; fileEncoding = 4; lastKnownFileType = sourcecode.c.h; path = YASDecibelValueTransformer.h; sourceTree = "<group>"; };
		B6841A8F1AAABD330035C704 /* YASDecibelValueTransformer.m */ = {isa = PBXFileReference; fileEncoding = 4; lastKnownFileType = sourcecode.c.objc; path = YASDecibelValueTransformer.m; sourceTree = "<group>"; };
		B6841A911AAAD3990035C704 /* YASFrequencyValueFormatter.h */ = {isa = PBXFileReference; fileEncoding = 4; lastKnownFileType = sourcecode.c.h; path = YASFrequencyValueFormatter.h; sourceTree = "<group>"; };
		B6841A921AAAD3990035C704 /* YASFrequencyValueFormatter.m */ = {isa = PBXFileReference; fileEncoding = 4; lastKnownFileType = sourcecode.c.objc; path = YASFrequencyValueFormatter.m; sourceTree = "<group>"; };
		B6841AA11AAC24840035C704 /* YASAudioMath.c */ = {isa = PBXFileReference; fileEncoding = 4; lastKnownFileType = sourcecode.c.c; path = YASAudioMath.c; sourceTree = "<group>"; };
		B6841AA21AAC24840035C704 /* YASAudioMath.h */ = {isa = PBXFileReference; fileEncoding = 4; lastKnownFileType = sourcecode.c.h; path = YASAudioMath.h; sourceTree = "<group>"; };
		B6841AA41AAC24840035C704 /* YASAudioUtility.c */ = {isa = PBXFileReference; fileEncoding = 4; lastKnownFileType = sourcecode.c.c; path = YASAudioUtility.c; sourceTree = "<group>"; };
		B6841AA51AAC24840035C704 /* YASAudioUtility.h */ = {isa = PBXFileReference; fileEncoding = 4; lastKnownFileType = sourcecode.c.h; path = YASAudioUtility.h; sourceTree = "<group>"; };
		B6AB1C2D1A90785E0054349E /* YASAudioChannelRoute.h */ = {isa = PBXFileReference; fileEncoding = 4; lastKnownFileType = sourcecode.c.h; path = YASAudioChannelRoute.h; sourceTree = "<group>"; };
		B6AB1C2E1A90785E0054349E /* YASAudioChannelRoute.m */ = {isa = PBXFileReference; fileEncoding = 4; lastKnownFileType = sourcecode.c.objc; path = YASAudioChannelRoute.m; sourceTree = "<group>"; };
		B6AB1C2F1A90785E0054349E /* YASAudioDevice.h */ = {isa = PBXFileReference; fileEncoding = 4; lastKnownFileType = sourcecode.c.h; path = YASAudioDevice.h; sourceTree = "<group>"; };
		B6AB1C301A90785E0054349E /* YASAudioDevice.m */ = {isa = PBXFileReference; fileEncoding = 4; lastKnownFileType = sourcecode.c.objc; path = YASAudioDevice.m; sourceTree = "<group>"; };
		B6AB1C311A90785E0054349E /* YASAudioDeviceIO.h */ = {isa = PBXFileReference; fileEncoding = 4; lastKnownFileType = sourcecode.c.h; path = YASAudioDeviceIO.h; sourceTree = "<group>"; };
		B6AB1C321A90785E0054349E /* YASAudioDeviceIO.m */ = {isa = PBXFileReference; fileEncoding = 4; lastKnownFileType = sourcecode.c.objc; path = YASAudioDeviceIO.m; sourceTree = "<group>"; };
		B6AB1C331A90785E0054349E /* YASAudioDeviceStream.h */ = {isa = PBXFileReference; fileEncoding = 4; lastKnownFileType = sourcecode.c.h; path = YASAudioDeviceStream.h; sourceTree = "<group>"; };
		B6AB1C341A90785E0054349E /* YASAudioDeviceStream.m */ = {isa = PBXFileReference; fileEncoding = 4; lastKnownFileType = sourcecode.c.objc; path = YASAudioDeviceStream.m; sourceTree = "<group>"; };
		B6AB1C3F1A9230420054349E /* YASAudioDeviceSampleViewController.h */ = {isa = PBXFileReference; fileEncoding = 4; lastKnownFileType = sourcecode.c.h; path = YASAudioDeviceSampleViewController.h; sourceTree = "<group>"; };
		B6AB1C401A9230420054349E /* YASAudioDeviceSampleViewController.m */ = {isa = PBXFileReference; fileEncoding = 4; lastKnownFileType = sourcecode.c.objc; path = YASAudioDeviceSampleViewController.m; sourceTree = "<group>"; };
		B6E8272B1A88505900751441 /* YASAudioUnitParameterInfo.h */ = {isa = PBXFileReference; fileEncoding = 4; lastKnownFileType = sourcecode.c.h; path = YASAudioUnitParameterInfo.h; sourceTree = "<group>"; };
		B6E8272C1A88505900751441 /* YASAudioUnitParameterInfo.m */ = {isa = PBXFileReference; fileEncoding = 4; lastKnownFileType = sourcecode.c.objc; path = YASAudioUnitParameterInfo.m; sourceTree = "<group>"; };
/* End PBXFileReference section */

/* Begin PBXFrameworksBuildPhase section */
		B62ED5521A62812F007DDE96 /* Frameworks */ = {
			isa = PBXFrameworksBuildPhase;
			buildActionMask = 2147483647;
			files = (
			);
			runOnlyForDeploymentPostprocessing = 0;
		};
/* End PBXFrameworksBuildPhase section */

/* Begin PBXGroup section */
		B62ED54C1A62812F007DDE96 = {
			isa = PBXGroup;
			children = (
				B65BAA7B1A636A9C00E7C3D8 /* YASMacros */,
				B65BAA4B1A636A5200E7C3D8 /* YASAudio */,
				B62ED5571A62812F007DDE96 /* YASAudio_Mac */,
				B62ED5561A62812F007DDE96 /* Products */,
			);
			sourceTree = "<group>";
		};
		B62ED5561A62812F007DDE96 /* Products */ = {
			isa = PBXGroup;
			children = (
				B62ED5551A62812F007DDE96 /* YASAudio_Mac.app */,
			);
			name = Products;
			sourceTree = "<group>";
		};
		B62ED5571A62812F007DDE96 /* YASAudio_Mac */ = {
			isa = PBXGroup;
			children = (
				B62ED55A1A62812F007DDE96 /* AppDelegate.h */,
				B62ED55B1A62812F007DDE96 /* AppDelegate.m */,
				B6AB1C3F1A9230420054349E /* YASAudioDeviceSampleViewController.h */,
				B6AB1C401A9230420054349E /* YASAudioDeviceSampleViewController.m */,
				B6841A8E1AAABD330035C704 /* YASDecibelValueTransformer.h */,
				B6841A8F1AAABD330035C704 /* YASDecibelValueTransformer.m */,
				B6841A911AAAD3990035C704 /* YASFrequencyValueFormatter.h */,
				B6841A921AAAD3990035C704 /* YASFrequencyValueFormatter.m */,
				B62ED5621A62812F007DDE96 /* Images.xcassets */,
				B62ED5641A62812F007DDE96 /* Main.storyboard */,
				B62ED5581A62812F007DDE96 /* Supporting Files */,
			);
			path = YASAudio_Mac;
			sourceTree = "<group>";
		};
		B62ED5581A62812F007DDE96 /* Supporting Files */ = {
			isa = PBXGroup;
			children = (
				B62ED5591A62812F007DDE96 /* Info.plist */,
				B62ED55D1A62812F007DDE96 /* main.m */,
			);
			name = "Supporting Files";
			sourceTree = "<group>";
		};
		B65BAA4B1A636A5200E7C3D8 /* YASAudio */ = {
			isa = PBXGroup;
			children = (
				B63789421AB4334D00B95F55 /* YASAudio.h */,
				B6841AA01AAC24840035C704 /* Math */,
				B6841AA31AAC24840035C704 /* Utility */,
				B65BAA4C1A636A5200E7C3D8 /* Basic */,
				B65BAA621A636A5200E7C3D8 /* Graph */,
				B6AB1C2C1A90785E0054349E /* AudioDevice */,
			);
			name = YASAudio;
			path = ../YASAudio;
			sourceTree = "<group>";
		};
		B65BAA4C1A636A5200E7C3D8 /* Basic */ = {
			isa = PBXGroup;
			children = (
				B65BAA591A636A5200E7C3D8 /* YASAudioFile.h */,
				B65BAA5A1A636A5200E7C3D8 /* YASAudioFile.m */,
				B65BAA5B1A636A5200E7C3D8 /* YASAudioFormat.h */,
				B65BAA5C1A636A5200E7C3D8 /* YASAudioFormat.m */,
				B65BAA5D1A636A5200E7C3D8 /* YASAudioPCMBuffer.h */,
				B65BAA5E1A636A5200E7C3D8 /* YASAudioPCMBuffer.m */,
				B65BAA5F1A636A5200E7C3D8 /* YASAudioTypes.h */,
				B66845BC1A660A5200D5A372 /* YASWeakSupport.h */,
				B66845BD1A660A5200D5A372 /* YASWeakSupport.m */,
				B65BAA4D1A636A5200E7C3D8 /* NSArray+YASAudio.h */,
				B65BAA4E1A636A5200E7C3D8 /* NSArray+YASAudio.m */,
				B65BAA4F1A636A5200E7C3D8 /* NSDictionary+YASAudio.h */,
				B65BAA501A636A5200E7C3D8 /* NSDictionary+YASAudio.m */,
				B65BAA511A636A5200E7C3D8 /* NSError+YASAudio.h */,
				B65BAA521A636A5200E7C3D8 /* NSError+YASAudio.m */,
				B65BAA531A636A5200E7C3D8 /* NSException+YASAudio.h */,
				B65BAA541A636A5200E7C3D8 /* NSException+YASAudio.m */,
				B65BAA551A636A5200E7C3D8 /* NSNumber+YASAudio.h */,
				B65BAA561A636A5200E7C3D8 /* NSNumber+YASAudio.m */,
				B65BAA571A636A5200E7C3D8 /* NSString+YASAudio.h */,
				B65BAA581A636A5200E7C3D8 /* NSString+YASAudio.m */,
			);
			path = Basic;
			sourceTree = "<group>";
		};
		B65BAA621A636A5200E7C3D8 /* Graph */ = {
			isa = PBXGroup;
			children = (
				B65BAA631A636A5200E7C3D8 /* YASAudioGraph.h */,
				B65BAA641A636A5200E7C3D8 /* YASAudioGraph.m */,
				B65BAA651A636A5200E7C3D8 /* YASAudioUnit.h */,
				B65BAA661A636A5200E7C3D8 /* YASAudioUnit.m */,
				B6E8272B1A88505900751441 /* YASAudioUnitParameterInfo.h */,
				B6E8272C1A88505900751441 /* YASAudioUnitParameterInfo.m */,
			);
			path = Graph;
			sourceTree = "<group>";
		};
		B65BAA7B1A636A9C00E7C3D8 /* YASMacros */ = {
			isa = PBXGroup;
			children = (
				B65BAA7C1A636A9C00E7C3D8 /* YASMacros.h */,
			);
			name = YASMacros;
			path = ../Submodules/YASMacros/YASMacros;
			sourceTree = "<group>";
		};
		B6841AA01AAC24840035C704 /* Math */ = {
			isa = PBXGroup;
			children = (
				B6841AA11AAC24840035C704 /* YASAudioMath.c */,
				B6841AA21AAC24840035C704 /* YASAudioMath.h */,
			);
			path = Math;
			sourceTree = "<group>";
		};
		B6841AA31AAC24840035C704 /* Utility */ = {
			isa = PBXGroup;
			children = (
				B6841AA41AAC24840035C704 /* YASAudioUtility.c */,
				B6841AA51AAC24840035C704 /* YASAudioUtility.h */,
			);
			path = Utility;
			sourceTree = "<group>";
		};
		B6AB1C2C1A90785E0054349E /* AudioDevice */ = {
			isa = PBXGroup;
			children = (
				B6AB1C2D1A90785E0054349E /* YASAudioChannelRoute.h */,
				B6AB1C2E1A90785E0054349E /* YASAudioChannelRoute.m */,
				B6AB1C2F1A90785E0054349E /* YASAudioDevice.h */,
				B6AB1C301A90785E0054349E /* YASAudioDevice.m */,
				B6AB1C311A90785E0054349E /* YASAudioDeviceIO.h */,
				B6AB1C321A90785E0054349E /* YASAudioDeviceIO.m */,
				B6AB1C331A90785E0054349E /* YASAudioDeviceStream.h */,
				B6AB1C341A90785E0054349E /* YASAudioDeviceStream.m */,
			);
			path = AudioDevice;
			sourceTree = "<group>";
		};
/* End PBXGroup section */

/* Begin PBXNativeTarget section */
		B62ED5541A62812F007DDE96 /* YASAudio_Mac */ = {
			isa = PBXNativeTarget;
			buildConfigurationList = B62ED5751A62812F007DDE96 /* Build configuration list for PBXNativeTarget "YASAudio_Mac" */;
			buildPhases = (
				B62ED5511A62812F007DDE96 /* Sources */,
				B62ED5521A62812F007DDE96 /* Frameworks */,
				B62ED5531A62812F007DDE96 /* Resources */,
			);
			buildRules = (
			);
			dependencies = (
			);
			name = YASAudio_Mac;
			productName = YASAudio_Mac;
			productReference = B62ED5551A62812F007DDE96 /* YASAudio_Mac.app */;
			productType = "com.apple.product-type.application";
		};
/* End PBXNativeTarget section */

/* Begin PBXProject section */
		B62ED54D1A62812F007DDE96 /* Project object */ = {
			isa = PBXProject;
			attributes = {
				LastUpgradeCheck = 0620;
				ORGANIZATIONNAME = "Objective-Audio";
				TargetAttributes = {
					B62ED5541A62812F007DDE96 = {
						CreatedOnToolsVersion = 6.2;
					};
				};
			};
			buildConfigurationList = B62ED5501A62812F007DDE96 /* Build configuration list for PBXProject "YASAudio_Mac" */;
			compatibilityVersion = "Xcode 3.2";
			developmentRegion = English;
			hasScannedForEncodings = 0;
			knownRegions = (
				en,
				Base,
			);
			mainGroup = B62ED54C1A62812F007DDE96;
			productRefGroup = B62ED5561A62812F007DDE96 /* Products */;
			projectDirPath = "";
			projectRoot = "";
			targets = (
				B62ED5541A62812F007DDE96 /* YASAudio_Mac */,
			);
		};
/* End PBXProject section */

/* Begin PBXResourcesBuildPhase section */
		B62ED5531A62812F007DDE96 /* Resources */ = {
			isa = PBXResourcesBuildPhase;
			buildActionMask = 2147483647;
			files = (
				B62ED5631A62812F007DDE96 /* Images.xcassets in Resources */,
				B62ED5661A62812F007DDE96 /* Main.storyboard in Resources */,
			);
			runOnlyForDeploymentPostprocessing = 0;
		};
/* End PBXResourcesBuildPhase section */

/* Begin PBXSourcesBuildPhase section */
		B62ED5511A62812F007DDE96 /* Sources */ = {
			isa = PBXSourcesBuildPhase;
			buildActionMask = 2147483647;
			files = (
				B6AB1C371A90785E0054349E /* YASAudioDeviceIO.m in Sources */,
				B65BAA6D1A636A5200E7C3D8 /* YASAudioFile.m in Sources */,
				B6AB1C381A90785E0054349E /* YASAudioDeviceStream.m in Sources */,
				B6841A901AAABD330035C704 /* YASDecibelValueTransformer.m in Sources */,
				B65BAA681A636A5200E7C3D8 /* NSDictionary+YASAudio.m in Sources */,
				B6841AA71AAC24840035C704 /* YASAudioUtility.c in Sources */,
				B65BAA6B1A636A5200E7C3D8 /* NSNumber+YASAudio.m in Sources */,
				B65BAA6A1A636A5200E7C3D8 /* NSException+YASAudio.m in Sources */,
				B62ED55E1A62812F007DDE96 /* main.m in Sources */,
				B6AB1C351A90785E0054349E /* YASAudioChannelRoute.m in Sources */,
				B65BAA6C1A636A5200E7C3D8 /* NSString+YASAudio.m in Sources */,
				B65BAA711A636A5200E7C3D8 /* YASAudioGraph.m in Sources */,
				B6E8272D1A88505900751441 /* YASAudioUnitParameterInfo.m in Sources */,
				B62ED55C1A62812F007DDE96 /* AppDelegate.m in Sources */,
				B65BAA721A636A5200E7C3D8 /* YASAudioUnit.m in Sources */,
				B65BAA691A636A5200E7C3D8 /* NSError+YASAudio.m in Sources */,
				B6AB1C361A90785E0054349E /* YASAudioDevice.m in Sources */,
				B65BAA6E1A636A5200E7C3D8 /* YASAudioFormat.m in Sources */,
				B66845BE1A660A5200D5A372 /* YASWeakSupport.m in Sources */,
				B65BAA671A636A5200E7C3D8 /* NSArray+YASAudio.m in Sources */,
				B65BAA6F1A636A5200E7C3D8 /* YASAudioPCMBuffer.m in Sources */,
				B6AB1C411A9230420054349E /* YASAudioDeviceSampleViewController.m in Sources */,
				B6841A931AAAD3990035C704 /* YASFrequencyValueFormatter.m in Sources */,
				B6841AA61AAC24840035C704 /* YASAudioMath.c in Sources */,
			);
			runOnlyForDeploymentPostprocessing = 0;
		};
/* End PBXSourcesBuildPhase section */

/* Begin PBXVariantGroup section */
		B62ED5641A62812F007DDE96 /* Main.storyboard */ = {
			isa = PBXVariantGroup;
			children = (
				B62ED5651A62812F007DDE96 /* Base */,
			);
			name = Main.storyboard;
			sourceTree = "<group>";
		};
/* End PBXVariantGroup section */

/* Begin XCBuildConfiguration section */
		B62ED5731A62812F007DDE96 /* Debug */ = {
			isa = XCBuildConfiguration;
			buildSettings = {
				ALWAYS_SEARCH_USER_PATHS = NO;
				CLANG_CXX_LANGUAGE_STANDARD = "gnu++0x";
				CLANG_CXX_LIBRARY = "libc++";
				CLANG_ENABLE_MODULES = YES;
				CLANG_ENABLE_OBJC_ARC = NO;
				CLANG_WARN_BOOL_CONVERSION = YES;
				CLANG_WARN_CONSTANT_CONVERSION = YES;
				CLANG_WARN_DIRECT_OBJC_ISA_USAGE = YES_ERROR;
				CLANG_WARN_EMPTY_BODY = YES;
				CLANG_WARN_ENUM_CONVERSION = YES;
				CLANG_WARN_INT_CONVERSION = YES;
				CLANG_WARN_OBJC_ROOT_CLASS = YES_ERROR;
				CLANG_WARN_UNREACHABLE_CODE = YES;
				CLANG_WARN__DUPLICATE_METHOD_MATCH = YES;
				CODE_SIGN_IDENTITY = "-";
				COPY_PHASE_STRIP = NO;
				ENABLE_STRICT_OBJC_MSGSEND = YES;
				GCC_C_LANGUAGE_STANDARD = gnu99;
				GCC_DYNAMIC_NO_PIC = NO;
				GCC_OPTIMIZATION_LEVEL = 0;
				GCC_PREPROCESSOR_DEFINITIONS = (
					"DEBUG=1",
					"$(inherited)",
				);
				GCC_SYMBOLS_PRIVATE_EXTERN = NO;
				GCC_WARN_64_TO_32_BIT_CONVERSION = YES;
				GCC_WARN_ABOUT_RETURN_TYPE = YES_ERROR;
				GCC_WARN_UNDECLARED_SELECTOR = YES;
				GCC_WARN_UNINITIALIZED_AUTOS = YES_AGGRESSIVE;
				GCC_WARN_UNUSED_FUNCTION = YES;
				GCC_WARN_UNUSED_VARIABLE = YES;
				MACOSX_DEPLOYMENT_TARGET = 10.10;
				MTL_ENABLE_DEBUG_INFO = YES;
				ONLY_ACTIVE_ARCH = YES;
				SDKROOT = macosx;
			};
			name = Debug;
		};
		B62ED5741A62812F007DDE96 /* Release */ = {
			isa = XCBuildConfiguration;
			buildSettings = {
				ALWAYS_SEARCH_USER_PATHS = NO;
				CLANG_CXX_LANGUAGE_STANDARD = "gnu++0x";
				CLANG_CXX_LIBRARY = "libc++";
				CLANG_ENABLE_MODULES = YES;
				CLANG_ENABLE_OBJC_ARC = NO;
				CLANG_WARN_BOOL_CONVERSION = YES;
				CLANG_WARN_CONSTANT_CONVERSION = YES;
				CLANG_WARN_DIRECT_OBJC_ISA_USAGE = YES_ERROR;
				CLANG_WARN_EMPTY_BODY = YES;
				CLANG_WARN_ENUM_CONVERSION = YES;
				CLANG_WARN_INT_CONVERSION = YES;
				CLANG_WARN_OBJC_ROOT_CLASS = YES_ERROR;
				CLANG_WARN_UNREACHABLE_CODE = YES;
				CLANG_WARN__DUPLICATE_METHOD_MATCH = YES;
				CODE_SIGN_IDENTITY = "-";
				COPY_PHASE_STRIP = NO;
				DEBUG_INFORMATION_FORMAT = "dwarf-with-dsym";
				ENABLE_NS_ASSERTIONS = NO;
				ENABLE_STRICT_OBJC_MSGSEND = YES;
				GCC_C_LANGUAGE_STANDARD = gnu99;
				GCC_WARN_64_TO_32_BIT_CONVERSION = YES;
				GCC_WARN_ABOUT_RETURN_TYPE = YES_ERROR;
				GCC_WARN_UNDECLARED_SELECTOR = YES;
				GCC_WARN_UNINITIALIZED_AUTOS = YES_AGGRESSIVE;
				GCC_WARN_UNUSED_FUNCTION = YES;
				GCC_WARN_UNUSED_VARIABLE = YES;
				MACOSX_DEPLOYMENT_TARGET = 10.10;
				MTL_ENABLE_DEBUG_INFO = NO;
				SDKROOT = macosx;
			};
			name = Release;
		};
		B62ED5761A62812F007DDE96 /* Debug */ = {
			isa = XCBuildConfiguration;
			buildSettings = {
				ASSETCATALOG_COMPILER_APPICON_NAME = AppIcon;
				COMBINE_HIDPI_IMAGES = YES;
				INFOPLIST_FILE = YASAudio_Mac/Info.plist;
				LD_RUNPATH_SEARCH_PATHS = "$(inherited) @executable_path/../Frameworks";
				PRODUCT_NAME = "$(TARGET_NAME)";
			};
			name = Debug;
		};
		B62ED5771A62812F007DDE96 /* Release */ = {
			isa = XCBuildConfiguration;
			buildSettings = {
				ASSETCATALOG_COMPILER_APPICON_NAME = AppIcon;
				COMBINE_HIDPI_IMAGES = YES;
				INFOPLIST_FILE = YASAudio_Mac/Info.plist;
				LD_RUNPATH_SEARCH_PATHS = "$(inherited) @executable_path/../Frameworks";
				PRODUCT_NAME = "$(TARGET_NAME)";
			};
			name = Release;
		};
/* End XCBuildConfiguration section */

/* Begin XCConfigurationList section */
		B62ED5501A62812F007DDE96 /* Build configuration list for PBXProject "YASAudio_Mac" */ = {
			isa = XCConfigurationList;
			buildConfigurations = (
				B62ED5731A62812F007DDE96 /* Debug */,
				B62ED5741A62812F007DDE96 /* Release */,
			);
			defaultConfigurationIsVisible = 0;
			defaultConfigurationName = Release;
		};
		B62ED5751A62812F007DDE96 /* Build configuration list for PBXNativeTarget "YASAudio_Mac" */ = {
			isa = XCConfigurationList;
			buildConfigurations = (
				B62ED5761A62812F007DDE96 /* Debug */,
				B62ED5771A62812F007DDE96 /* Release */,
			);
			defaultConfigurationIsVisible = 0;
			defaultConfigurationName = Release;
		};
/* End XCConfigurationList section */
	};
	rootObject = B62ED54D1A62812F007DDE96 /* Project object */;
}
